// !$*UTF8*$!
{
	archiveVersion = 1;
	classes = {
	};
	objectVersion = 46;
	objects = {

/* Begin PBXBuildFile section */
		1A11BBC518AAD817003BB6FC /* Demo.storyboard in Resources */ = {isa = PBXBuildFile; fileRef = 1A11BBC418AAD817003BB6FC /* Demo.storyboard */; };
		1A11BBCB18AAEA8C003BB6FC /* tViewController.m in Sources */ = {isa = PBXBuildFile; fileRef = 1A11BBCA18AAEA8C003BB6FC /* tViewController.m */; };
		1A12F96818AB53BF00942612 /* FloatingShadowView.m in Sources */ = {isa = PBXBuildFile; fileRef = 1A12F96718AB53BF00942612 /* FloatingShadowView.m */; };
		1A12F96E18AB701100942612 /* DetailFromFavViewController.m in Sources */ = {isa = PBXBuildFile; fileRef = 1A12F96D18AB701100942612 /* DetailFromFavViewController.m */; };
		1A4B75EC18A41F2100304125 /* WebService.m in Sources */ = {isa = PBXBuildFile; fileRef = 1A4B75EA18A41F2100304125 /* WebService.m */; };
		1A4B75ED18A41F2100304125 /* HTTPRequests.m in Sources */ = {isa = PBXBuildFile; fileRef = 1A4B75EB18A41F2100304125 /* HTTPRequests.m */; };
		1A4B75F318A41F4600304125 /* UIImage+ImageEffects.m in Sources */ = {isa = PBXBuildFile; fileRef = 1A4B75EF18A41F4600304125 /* UIImage+ImageEffects.m */; };
		1A4B75F418A41F4600304125 /* NSString+URLArguments.m in Sources */ = {isa = PBXBuildFile; fileRef = 1A4B75F018A41F4600304125 /* NSString+URLArguments.m */; };
		1A4B75F818A41F6400304125 /* NSDictionary+URLArguments.m in Sources */ = {isa = PBXBuildFile; fileRef = 1A4B75F618A41F6400304125 /* NSDictionary+URLArguments.m */; };
		1A4B760318A41F8C00304125 /* HTTPRequest.m in Sources */ = {isa = PBXBuildFile; fileRef = 1A4B75F918A41F8C00304125 /* HTTPRequest.m */; };
		1A4B760418A41F8C00304125 /* HTTPRawDataParser.m in Sources */ = {isa = PBXBuildFile; fileRef = 1A4B75FA18A41F8C00304125 /* HTTPRawDataParser.m */; };
		1A4B760518A41F8C00304125 /* AbstractWebService.m in Sources */ = {isa = PBXBuildFile; fileRef = 1A4B75FE18A41F8C00304125 /* AbstractWebService.m */; };
		1A4B760618A41F8C00304125 /* HTTPResponseObject.m in Sources */ = {isa = PBXBuildFile; fileRef = 1A4B75FF18A41F8C00304125 /* HTTPResponseObject.m */; };
		1A965763189981CF00DB1D32 /* User.m in Sources */ = {isa = PBXBuildFile; fileRef = 1A965762189981CF00DB1D32 /* User.m */; };
		1A965766189981DB00DB1D32 /* Destination.m in Sources */ = {isa = PBXBuildFile; fileRef = 1A965765189981DB00DB1D32 /* Destination.m */; };
		1AD9C3C6189C619200CA6210 /* DestinationPresenterManager.m in Sources */ = {isa = PBXBuildFile; fileRef = 1AD9C3C5189C619200CA6210 /* DestinationPresenterManager.m */; };
		1AD9C3CD189C645E00CA6210 /* NSMutableArray+FIFOQueue.m in Sources */ = {isa = PBXBuildFile; fileRef = 1AD9C3CC189C645E00CA6210 /* NSMutableArray+FIFOQueue.m */; };
		1AD9C3CF189C69B200CA6210 /* FIFOQueueTest.m in Sources */ = {isa = PBXBuildFile; fileRef = 1AD9C3CE189C69B200CA6210 /* FIFOQueueTest.m */; };
		1AD9C3D2189C92AC00CA6210 /* DestinationViewPoint.m in Sources */ = {isa = PBXBuildFile; fileRef = 1AD9C3D1189C92AC00CA6210 /* DestinationViewPoint.m */; };
		35036B8218BF8B9D00FFF4A5 /* riobranco.json in Resources */ = {isa = PBXBuildFile; fileRef = 35036B4A18BF8B9D00FFF4A5 /* riobranco.json */; };
		35036B8318BF8B9D00FFF4A5 /* maceio.json in Resources */ = {isa = PBXBuildFile; fileRef = 35036B4C18BF8B9D00FFF4A5 /* maceio.json */; };
		35036B8418BF8B9D00FFF4A5 /* manaus.json in Resources */ = {isa = PBXBuildFile; fileRef = 35036B4E18BF8B9D00FFF4A5 /* manaus.json */; };
		35036B8518BF8B9D00FFF4A5 /* macapa.json in Resources */ = {isa = PBXBuildFile; fileRef = 35036B5018BF8B9D00FFF4A5 /* macapa.json */; };
		35036B8618BF8B9D00FFF4A5 /* salvador.json in Resources */ = {isa = PBXBuildFile; fileRef = 35036B5218BF8B9D00FFF4A5 /* salvador.json */; };
		35036B8718BF8B9D00FFF4A5 /* fortaleza.json in Resources */ = {isa = PBXBuildFile; fileRef = 35036B5418BF8B9D00FFF4A5 /* fortaleza.json */; };
		35036B8818BF8B9D00FFF4A5 /* brasilia.json in Resources */ = {isa = PBXBuildFile; fileRef = 35036B5618BF8B9D00FFF4A5 /* brasilia.json */; };
		35036B8918BF8B9D00FFF4A5 /* vitoria.json in Resources */ = {isa = PBXBuildFile; fileRef = 35036B5818BF8B9D00FFF4A5 /* vitoria.json */; };
		35036B8A18BF8B9D00FFF4A5 /* goiania.json in Resources */ = {isa = PBXBuildFile; fileRef = 35036B5A18BF8B9D00FFF4A5 /* goiania.json */; };
		35036B8B18BF8B9D00FFF4A5 /* saoluis.json in Resources */ = {isa = PBXBuildFile; fileRef = 35036B5C18BF8B9D00FFF4A5 /* saoluis.json */; };
		35036B8C18BF8B9D00FFF4A5 /* belohorizonte.json in Resources */ = {isa = PBXBuildFile; fileRef = 35036B5E18BF8B9D00FFF4A5 /* belohorizonte.json */; };
		35036B8D18BF8B9D00FFF4A5 /* lagoasanta.json in Resources */ = {isa = PBXBuildFile; fileRef = 35036B5F18BF8B9D00FFF4A5 /* lagoasanta.json */; };
		35036B8E18BF8B9D00FFF4A5 /* campogrande.json in Resources */ = {isa = PBXBuildFile; fileRef = 35036B6118BF8B9D00FFF4A5 /* campogrande.json */; };
		35036B8F18BF8B9D00FFF4A5 /* cuiaba.json in Resources */ = {isa = PBXBuildFile; fileRef = 35036B6318BF8B9D00FFF4A5 /* cuiaba.json */; };
		35036B9018BF8B9D00FFF4A5 /* belem.json in Resources */ = {isa = PBXBuildFile; fileRef = 35036B6518BF8B9D00FFF4A5 /* belem.json */; };
		35036B9118BF8B9D00FFF4A5 /* joaopessoa.json in Resources */ = {isa = PBXBuildFile; fileRef = 35036B6718BF8B9D00FFF4A5 /* joaopessoa.json */; };
		35036B9218BF8B9D00FFF4A5 /* igarassu.json in Resources */ = {isa = PBXBuildFile; fileRef = 35036B6918BF8B9D00FFF4A5 /* igarassu.json */; };
		35036B9318BF8B9D00FFF4A5 /* recife.json in Resources */ = {isa = PBXBuildFile; fileRef = 35036B6A18BF8B9D00FFF4A5 /* recife.json */; };
		35036B9418BF8B9D00FFF4A5 /* teresina.json in Resources */ = {isa = PBXBuildFile; fileRef = 35036B6C18BF8B9D00FFF4A5 /* teresina.json */; };
		35036B9518BF8B9D00FFF4A5 /* curitiba.json in Resources */ = {isa = PBXBuildFile; fileRef = 35036B6E18BF8B9D00FFF4A5 /* curitiba.json */; };
		35036B9618BF8B9D00FFF4A5 /* fozdoiguacu.json in Resources */ = {isa = PBXBuildFile; fileRef = 35036B6F18BF8B9D00FFF4A5 /* fozdoiguacu.json */; };
		35036B9718BF8B9D00FFF4A5 /* riodejaneiro.json in Resources */ = {isa = PBXBuildFile; fileRef = 35036B7118BF8B9D00FFF4A5 /* riodejaneiro.json */; };
		35036B9818BF8B9D00FFF4A5 /* natal.json in Resources */ = {isa = PBXBuildFile; fileRef = 35036B7318BF8B9D00FFF4A5 /* natal.json */; };
		35036B9918BF8B9D00FFF4A5 /* portovelho.json in Resources */ = {isa = PBXBuildFile; fileRef = 35036B7518BF8B9D00FFF4A5 /* portovelho.json */; };
		35036B9A18BF8B9D00FFF4A5 /* boavista.json in Resources */ = {isa = PBXBuildFile; fileRef = 35036B7718BF8B9D00FFF4A5 /* boavista.json */; };
		35036B9B18BF8B9D00FFF4A5 /* portoalegre.json in Resources */ = {isa = PBXBuildFile; fileRef = 35036B7918BF8B9D00FFF4A5 /* portoalegre.json */; };
		35036B9C18BF8B9D00FFF4A5 /* florianopolis.json in Resources */ = {isa = PBXBuildFile; fileRef = 35036B7B18BF8B9D00FFF4A5 /* florianopolis.json */; };
		35036B9D18BF8B9D00FFF4A5 /* aracaju.json in Resources */ = {isa = PBXBuildFile; fileRef = 35036B7D18BF8B9D00FFF4A5 /* aracaju.json */; };
		35036B9E18BF8B9D00FFF4A5 /* saopaulo.json in Resources */ = {isa = PBXBuildFile; fileRef = 35036B7F18BF8B9D00FFF4A5 /* saopaulo.json */; };
		35036B9F18BF8B9D00FFF4A5 /* palmas.json in Resources */ = {isa = PBXBuildFile; fileRef = 35036B8118BF8B9D00FFF4A5 /* palmas.json */; };
		355FA24818A26B5300F903BF /* DetailFriendCustomCell.m in Sources */ = {isa = PBXBuildFile; fileRef = 355FA24718A26B5300F903BF /* DetailFriendCustomCell.m */; };
		356AC3C5189BD7AD000EEBBD /* Session.m in Sources */ = {isa = PBXBuildFile; fileRef = 356AC3C4189BD7AD000EEBBD /* Session.m */; };
		356AC3C8189C03B3000EEBBD /* FavoriteTableViewCell.m in Sources */ = {isa = PBXBuildFile; fileRef = 356AC3C7189C03B3000EEBBD /* FavoriteTableViewCell.m */; };
		35A96E2D1896B10B00DC1300 /* Foundation.framework in Frameworks */ = {isa = PBXBuildFile; fileRef = 35A96E2C1896B10B00DC1300 /* Foundation.framework */; };
		35A96E2F1896B10B00DC1300 /* CoreGraphics.framework in Frameworks */ = {isa = PBXBuildFile; fileRef = 35A96E2E1896B10B00DC1300 /* CoreGraphics.framework */; };
		35A96E311896B10B00DC1300 /* UIKit.framework in Frameworks */ = {isa = PBXBuildFile; fileRef = 35A96E301896B10B00DC1300 /* UIKit.framework */; };
		35A96E371896B10B00DC1300 /* InfoPlist.strings in Resources */ = {isa = PBXBuildFile; fileRef = 35A96E351896B10B00DC1300 /* InfoPlist.strings */; };
		35A96E391896B10B00DC1300 /* main.m in Sources */ = {isa = PBXBuildFile; fileRef = 35A96E381896B10B00DC1300 /* main.m */; };
		35A96E3D1896B10B00DC1300 /* AppDelegate.m in Sources */ = {isa = PBXBuildFile; fileRef = 35A96E3C1896B10B00DC1300 /* AppDelegate.m */; };
		35A96E401896B10B00DC1300 /* Main.storyboard in Resources */ = {isa = PBXBuildFile; fileRef = 35A96E3E1896B10B00DC1300 /* Main.storyboard */; };
		35A96E431896B10B00DC1300 /* LoginViewController.m in Sources */ = {isa = PBXBuildFile; fileRef = 35A96E421896B10B00DC1300 /* LoginViewController.m */; };
		35A96E451896B10B00DC1300 /* Images.xcassets in Resources */ = {isa = PBXBuildFile; fileRef = 35A96E441896B10B00DC1300 /* Images.xcassets */; };
		35A96E4C1896B10B00DC1300 /* XCTest.framework in Frameworks */ = {isa = PBXBuildFile; fileRef = 35A96E4B1896B10B00DC1300 /* XCTest.framework */; };
		35A96E4D1896B10B00DC1300 /* Foundation.framework in Frameworks */ = {isa = PBXBuildFile; fileRef = 35A96E2C1896B10B00DC1300 /* Foundation.framework */; };
		35A96E4E1896B10B00DC1300 /* UIKit.framework in Frameworks */ = {isa = PBXBuildFile; fileRef = 35A96E301896B10B00DC1300 /* UIKit.framework */; };
		35A96E561896B10B00DC1300 /* InfoPlist.strings in Resources */ = {isa = PBXBuildFile; fileRef = 35A96E541896B10B00DC1300 /* InfoPlist.strings */; };
		35A96E701896B7CF00DC1300 /* MainViewController.m in Sources */ = {isa = PBXBuildFile; fileRef = 35A96E6F1896B7CF00DC1300 /* MainViewController.m */; };
		35A96E731896B7EE00DC1300 /* DetailViewController.m in Sources */ = {isa = PBXBuildFile; fileRef = 35A96E721896B7EE00DC1300 /* DetailViewController.m */; };
		35A96E761896B83500DC1300 /* FavoritesViewController.m in Sources */ = {isa = PBXBuildFile; fileRef = 35A96E751896B83500DC1300 /* FavoritesViewController.m */; };
		35A96E791896B85000DC1300 /* SettingsViewController.m in Sources */ = {isa = PBXBuildFile; fileRef = 35A96E781896B85000DC1300 /* SettingsViewController.m */; };
		4245744A18A258C400E557F1 /* FacebookSDK.framework in Frameworks */ = {isa = PBXBuildFile; fileRef = 356AC3C1189A77B9000EEBBD /* FacebookSDK.framework */; };
/* End PBXBuildFile section */

/* Begin PBXContainerItemProxy section */
		35A96E4F1896B10B00DC1300 /* PBXContainerItemProxy */ = {
			isa = PBXContainerItemProxy;
			containerPortal = 35A96E211896B10B00DC1300 /* Project object */;
			proxyType = 1;
			remoteGlobalIDString = 35A96E281896B10B00DC1300;
			remoteInfo = Away;
		};
/* End PBXContainerItemProxy section */

/* Begin PBXFileReference section */
		1A11BBC418AAD817003BB6FC /* Demo.storyboard */ = {isa = PBXFileReference; fileEncoding = 4; lastKnownFileType = file.storyboard; path = Demo.storyboard; sourceTree = "<group>"; };
		1A11BBC918AAEA8C003BB6FC /* tViewController.h */ = {isa = PBXFileReference; fileEncoding = 4; lastKnownFileType = sourcecode.c.h; path = tViewController.h; sourceTree = "<group>"; };
		1A11BBCA18AAEA8C003BB6FC /* tViewController.m */ = {isa = PBXFileReference; fileEncoding = 4; lastKnownFileType = sourcecode.c.objc; path = tViewController.m; sourceTree = "<group>"; };
		1A12F96618AB53BF00942612 /* FloatingShadowView.h */ = {isa = PBXFileReference; fileEncoding = 4; lastKnownFileType = sourcecode.c.h; path = FloatingShadowView.h; sourceTree = "<group>"; };
		1A12F96718AB53BF00942612 /* FloatingShadowView.m */ = {isa = PBXFileReference; fileEncoding = 4; lastKnownFileType = sourcecode.c.objc; path = FloatingShadowView.m; sourceTree = "<group>"; };
		1A12F96C18AB701100942612 /* DetailFromFavViewController.h */ = {isa = PBXFileReference; fileEncoding = 4; lastKnownFileType = sourcecode.c.h; path = DetailFromFavViewController.h; sourceTree = "<group>"; };
		1A12F96D18AB701100942612 /* DetailFromFavViewController.m */ = {isa = PBXFileReference; fileEncoding = 4; lastKnownFileType = sourcecode.c.objc; path = DetailFromFavViewController.m; sourceTree = "<group>"; };
		1A4B75EA18A41F2100304125 /* WebService.m */ = {isa = PBXFileReference; fileEncoding = 4; lastKnownFileType = sourcecode.c.objc; path = WebService.m; sourceTree = "<group>"; };
		1A4B75EB18A41F2100304125 /* HTTPRequests.m */ = {isa = PBXFileReference; fileEncoding = 4; lastKnownFileType = sourcecode.c.objc; path = HTTPRequests.m; sourceTree = "<group>"; };
		1A4B75EF18A41F4600304125 /* UIImage+ImageEffects.m */ = {isa = PBXFileReference; fileEncoding = 4; lastKnownFileType = sourcecode.c.objc; path = "UIImage+ImageEffects.m"; sourceTree = "<group>"; };
		1A4B75F018A41F4600304125 /* NSString+URLArguments.m */ = {isa = PBXFileReference; fileEncoding = 4; lastKnownFileType = sourcecode.c.objc; path = "NSString+URLArguments.m"; sourceTree = "<group>"; };
		1A4B75F118A41F4600304125 /* UIImage+ImageEffects.h */ = {isa = PBXFileReference; fileEncoding = 4; lastKnownFileType = sourcecode.c.h; path = "UIImage+ImageEffects.h"; sourceTree = "<group>"; };
		1A4B75F218A41F4600304125 /* NSString+URLArguments.h */ = {isa = PBXFileReference; fileEncoding = 4; lastKnownFileType = sourcecode.c.h; path = "NSString+URLArguments.h"; sourceTree = "<group>"; };
		1A4B75F618A41F6400304125 /* NSDictionary+URLArguments.m */ = {isa = PBXFileReference; fileEncoding = 4; lastKnownFileType = sourcecode.c.objc; path = "NSDictionary+URLArguments.m"; sourceTree = "<group>"; };
		1A4B75F718A41F6400304125 /* NSDictionary+URLArguments.h */ = {isa = PBXFileReference; fileEncoding = 4; lastKnownFileType = sourcecode.c.h; path = "NSDictionary+URLArguments.h"; sourceTree = "<group>"; };
		1A4B75F918A41F8C00304125 /* HTTPRequest.m */ = {isa = PBXFileReference; fileEncoding = 4; lastKnownFileType = sourcecode.c.objc; path = HTTPRequest.m; sourceTree = "<group>"; };
		1A4B75FA18A41F8C00304125 /* HTTPRawDataParser.m */ = {isa = PBXFileReference; fileEncoding = 4; lastKnownFileType = sourcecode.c.objc; path = HTTPRawDataParser.m; sourceTree = "<group>"; };
		1A4B75FB18A41F8C00304125 /* HTTPRequest.h */ = {isa = PBXFileReference; fileEncoding = 4; lastKnownFileType = sourcecode.c.h; path = HTTPRequest.h; sourceTree = "<group>"; };
		1A4B75FC18A41F8C00304125 /* HTTPRawDataType.h */ = {isa = PBXFileReference; fileEncoding = 4; lastKnownFileType = sourcecode.c.h; path = HTTPRawDataType.h; sourceTree = "<group>"; };
		1A4B75FD18A41F8C00304125 /* AbstractWebServicePrivate.h */ = {isa = PBXFileReference; fileEncoding = 4; lastKnownFileType = sourcecode.c.h; path = AbstractWebServicePrivate.h; sourceTree = "<group>"; };
		1A4B75FE18A41F8C00304125 /* AbstractWebService.m */ = {isa = PBXFileReference; fileEncoding = 4; lastKnownFileType = sourcecode.c.objc; path = AbstractWebService.m; sourceTree = "<group>"; };
		1A4B75FF18A41F8C00304125 /* HTTPResponseObject.m */ = {isa = PBXFileReference; fileEncoding = 4; lastKnownFileType = sourcecode.c.objc; path = HTTPResponseObject.m; sourceTree = "<group>"; };
		1A4B760018A41F8C00304125 /* HTTPRawDataParser.h */ = {isa = PBXFileReference; fileEncoding = 4; lastKnownFileType = sourcecode.c.h; path = HTTPRawDataParser.h; sourceTree = "<group>"; };
		1A4B760118A41F8C00304125 /* HTTPResponseObject.h */ = {isa = PBXFileReference; fileEncoding = 4; lastKnownFileType = sourcecode.c.h; path = HTTPResponseObject.h; sourceTree = "<group>"; };
		1A4B760218A41F8C00304125 /* AbstractWebService.h */ = {isa = PBXFileReference; fileEncoding = 4; lastKnownFileType = sourcecode.c.h; path = AbstractWebService.h; sourceTree = "<group>"; };
		1A965761189981CF00DB1D32 /* User.h */ = {isa = PBXFileReference; fileEncoding = 4; lastKnownFileType = sourcecode.c.h; path = User.h; sourceTree = "<group>"; };
		1A965762189981CF00DB1D32 /* User.m */ = {isa = PBXFileReference; fileEncoding = 4; lastKnownFileType = sourcecode.c.objc; path = User.m; sourceTree = "<group>"; };
		1A965764189981DB00DB1D32 /* Destination.h */ = {isa = PBXFileReference; fileEncoding = 4; lastKnownFileType = sourcecode.c.h; path = Destination.h; sourceTree = "<group>"; };
		1A965765189981DB00DB1D32 /* Destination.m */ = {isa = PBXFileReference; fileEncoding = 4; lastKnownFileType = sourcecode.c.objc; path = Destination.m; sourceTree = "<group>"; };
		1AD9C3C4189C619200CA6210 /* DestinationPresenterManager.h */ = {isa = PBXFileReference; fileEncoding = 4; lastKnownFileType = sourcecode.c.h; path = DestinationPresenterManager.h; sourceTree = "<group>"; };
		1AD9C3C5189C619200CA6210 /* DestinationPresenterManager.m */ = {isa = PBXFileReference; fileEncoding = 4; lastKnownFileType = sourcecode.c.objc; path = DestinationPresenterManager.m; sourceTree = "<group>"; };
		1AD9C3CB189C645E00CA6210 /* NSMutableArray+FIFOQueue.h */ = {isa = PBXFileReference; fileEncoding = 4; lastKnownFileType = sourcecode.c.h; path = "NSMutableArray+FIFOQueue.h"; sourceTree = "<group>"; };
		1AD9C3CC189C645E00CA6210 /* NSMutableArray+FIFOQueue.m */ = {isa = PBXFileReference; fileEncoding = 4; lastKnownFileType = sourcecode.c.objc; path = "NSMutableArray+FIFOQueue.m"; sourceTree = "<group>"; };
		1AD9C3CE189C69B200CA6210 /* FIFOQueueTest.m */ = {isa = PBXFileReference; fileEncoding = 4; lastKnownFileType = sourcecode.c.objc; path = FIFOQueueTest.m; sourceTree = "<group>"; };
		1AD9C3D0189C92AC00CA6210 /* DestinationViewPoint.h */ = {isa = PBXFileReference; fileEncoding = 4; lastKnownFileType = sourcecode.c.h; path = DestinationViewPoint.h; sourceTree = "<group>"; };
		1AD9C3D1189C92AC00CA6210 /* DestinationViewPoint.m */ = {isa = PBXFileReference; fileEncoding = 4; lastKnownFileType = sourcecode.c.objc; path = DestinationViewPoint.m; sourceTree = "<group>"; };
		35036B4A18BF8B9D00FFF4A5 /* riobranco.json */ = {isa = PBXFileReference; fileEncoding = 4; lastKnownFileType = text.json; path = riobranco.json; sourceTree = "<group>"; };
		35036B4C18BF8B9D00FFF4A5 /* maceio.json */ = {isa = PBXFileReference; fileEncoding = 4; lastKnownFileType = text.json; path = maceio.json; sourceTree = "<group>"; };
		35036B4E18BF8B9D00FFF4A5 /* manaus.json */ = {isa = PBXFileReference; fileEncoding = 4; lastKnownFileType = text.json; path = manaus.json; sourceTree = "<group>"; };
		35036B5018BF8B9D00FFF4A5 /* macapa.json */ = {isa = PBXFileReference; fileEncoding = 4; lastKnownFileType = text.json; path = macapa.json; sourceTree = "<group>"; };
		35036B5218BF8B9D00FFF4A5 /* salvador.json */ = {isa = PBXFileReference; fileEncoding = 4; lastKnownFileType = text.json; path = salvador.json; sourceTree = "<group>"; };
		35036B5418BF8B9D00FFF4A5 /* fortaleza.json */ = {isa = PBXFileReference; fileEncoding = 4; lastKnownFileType = text.json; path = fortaleza.json; sourceTree = "<group>"; };
		35036B5618BF8B9D00FFF4A5 /* brasilia.json */ = {isa = PBXFileReference; fileEncoding = 4; lastKnownFileType = text.json; path = brasilia.json; sourceTree = "<group>"; };
		35036B5818BF8B9D00FFF4A5 /* vitoria.json */ = {isa = PBXFileReference; fileEncoding = 4; lastKnownFileType = text.json; path = vitoria.json; sourceTree = "<group>"; };
		35036B5A18BF8B9D00FFF4A5 /* goiania.json */ = {isa = PBXFileReference; fileEncoding = 4; lastKnownFileType = text.json; path = goiania.json; sourceTree = "<group>"; };
		35036B5C18BF8B9D00FFF4A5 /* saoluis.json */ = {isa = PBXFileReference; fileEncoding = 4; lastKnownFileType = text.json; path = saoluis.json; sourceTree = "<group>"; };
		35036B5E18BF8B9D00FFF4A5 /* belohorizonte.json */ = {isa = PBXFileReference; fileEncoding = 4; lastKnownFileType = text.json; path = belohorizonte.json; sourceTree = "<group>"; };
		35036B5F18BF8B9D00FFF4A5 /* lagoasanta.json */ = {isa = PBXFileReference; fileEncoding = 4; lastKnownFileType = text.json; path = lagoasanta.json; sourceTree = "<group>"; };
		35036B6118BF8B9D00FFF4A5 /* campogrande.json */ = {isa = PBXFileReference; fileEncoding = 4; lastKnownFileType = text.json; path = campogrande.json; sourceTree = "<group>"; };
		35036B6318BF8B9D00FFF4A5 /* cuiaba.json */ = {isa = PBXFileReference; fileEncoding = 4; lastKnownFileType = text.json; path = cuiaba.json; sourceTree = "<group>"; };
		35036B6518BF8B9D00FFF4A5 /* belem.json */ = {isa = PBXFileReference; fileEncoding = 4; lastKnownFileType = text.json; path = belem.json; sourceTree = "<group>"; };
		35036B6718BF8B9D00FFF4A5 /* joaopessoa.json */ = {isa = PBXFileReference; fileEncoding = 4; lastKnownFileType = text.json; path = joaopessoa.json; sourceTree = "<group>"; };
		35036B6918BF8B9D00FFF4A5 /* igarassu.json */ = {isa = PBXFileReference; fileEncoding = 4; lastKnownFileType = text.json; path = igarassu.json; sourceTree = "<group>"; };
		35036B6A18BF8B9D00FFF4A5 /* recife.json */ = {isa = PBXFileReference; fileEncoding = 4; lastKnownFileType = text.json; path = recife.json; sourceTree = "<group>"; };
		35036B6C18BF8B9D00FFF4A5 /* teresina.json */ = {isa = PBXFileReference; fileEncoding = 4; lastKnownFileType = text.json; path = teresina.json; sourceTree = "<group>"; };
		35036B6E18BF8B9D00FFF4A5 /* curitiba.json */ = {isa = PBXFileReference; fileEncoding = 4; lastKnownFileType = text.json; path = curitiba.json; sourceTree = "<group>"; };
		35036B6F18BF8B9D00FFF4A5 /* fozdoiguacu.json */ = {isa = PBXFileReference; fileEncoding = 4; lastKnownFileType = text.json; path = fozdoiguacu.json; sourceTree = "<group>"; };
		35036B7118BF8B9D00FFF4A5 /* riodejaneiro.json */ = {isa = PBXFileReference; fileEncoding = 4; lastKnownFileType = text.json; path = riodejaneiro.json; sourceTree = "<group>"; };
		35036B7318BF8B9D00FFF4A5 /* natal.json */ = {isa = PBXFileReference; fileEncoding = 4; lastKnownFileType = text.json; path = natal.json; sourceTree = "<group>"; };
		35036B7518BF8B9D00FFF4A5 /* portovelho.json */ = {isa = PBXFileReference; fileEncoding = 4; lastKnownFileType = text.json; path = portovelho.json; sourceTree = "<group>"; };
		35036B7718BF8B9D00FFF4A5 /* boavista.json */ = {isa = PBXFileReference; fileEncoding = 4; lastKnownFileType = text.json; path = boavista.json; sourceTree = "<group>"; };
		35036B7918BF8B9D00FFF4A5 /* portoalegre.json */ = {isa = PBXFileReference; fileEncoding = 4; lastKnownFileType = text.json; path = portoalegre.json; sourceTree = "<group>"; };
		35036B7B18BF8B9D00FFF4A5 /* florianopolis.json */ = {isa = PBXFileReference; fileEncoding = 4; lastKnownFileType = text.json; path = florianopolis.json; sourceTree = "<group>"; };
		35036B7D18BF8B9D00FFF4A5 /* aracaju.json */ = {isa = PBXFileReference; fileEncoding = 4; lastKnownFileType = text.json; path = aracaju.json; sourceTree = "<group>"; };
		35036B7F18BF8B9D00FFF4A5 /* saopaulo.json */ = {isa = PBXFileReference; fileEncoding = 4; lastKnownFileType = text.json; path = saopaulo.json; sourceTree = "<group>"; };
		35036B8118BF8B9D00FFF4A5 /* palmas.json */ = {isa = PBXFileReference; fileEncoding = 4; lastKnownFileType = text.json; path = palmas.json; sourceTree = "<group>"; };
		355FA24618A26B5300F903BF /* DetailFriendCustomCell.h */ = {isa = PBXFileReference; fileEncoding = 4; lastKnownFileType = sourcecode.c.h; path = DetailFriendCustomCell.h; sourceTree = "<group>"; };
		355FA24718A26B5300F903BF /* DetailFriendCustomCell.m */ = {isa = PBXFileReference; fileEncoding = 4; lastKnownFileType = sourcecode.c.objc; path = DetailFriendCustomCell.m; sourceTree = "<group>"; };
		356AC3C1189A77B9000EEBBD /* FacebookSDK.framework */ = {isa = PBXFileReference; lastKnownFileType = wrapper.framework; path = FacebookSDK.framework; sourceTree = "<group>"; };
		356AC3C3189BD7AD000EEBBD /* Session.h */ = {isa = PBXFileReference; fileEncoding = 4; lastKnownFileType = sourcecode.c.h; path = Session.h; sourceTree = "<group>"; };
		356AC3C4189BD7AD000EEBBD /* Session.m */ = {isa = PBXFileReference; fileEncoding = 4; lastKnownFileType = sourcecode.c.objc; path = Session.m; sourceTree = "<group>"; };
		356AC3C6189C03B3000EEBBD /* FavoriteTableViewCell.h */ = {isa = PBXFileReference; fileEncoding = 4; lastKnownFileType = sourcecode.c.h; path = FavoriteTableViewCell.h; sourceTree = "<group>"; };
		356AC3C7189C03B3000EEBBD /* FavoriteTableViewCell.m */ = {isa = PBXFileReference; fileEncoding = 4; lastKnownFileType = sourcecode.c.objc; path = FavoriteTableViewCell.m; sourceTree = "<group>"; };
		35A96E291896B10B00DC1300 /* Away.app */ = {isa = PBXFileReference; explicitFileType = wrapper.application; includeInIndex = 0; path = Away.app; sourceTree = BUILT_PRODUCTS_DIR; };
		35A96E2C1896B10B00DC1300 /* Foundation.framework */ = {isa = PBXFileReference; lastKnownFileType = wrapper.framework; name = Foundation.framework; path = System/Library/Frameworks/Foundation.framework; sourceTree = SDKROOT; };
		35A96E2E1896B10B00DC1300 /* CoreGraphics.framework */ = {isa = PBXFileReference; lastKnownFileType = wrapper.framework; name = CoreGraphics.framework; path = System/Library/Frameworks/CoreGraphics.framework; sourceTree = SDKROOT; };
		35A96E301896B10B00DC1300 /* UIKit.framework */ = {isa = PBXFileReference; lastKnownFileType = wrapper.framework; name = UIKit.framework; path = System/Library/Frameworks/UIKit.framework; sourceTree = SDKROOT; };
		35A96E341896B10B00DC1300 /* Away-Info.plist */ = {isa = PBXFileReference; lastKnownFileType = text.plist.xml; path = "Away-Info.plist"; sourceTree = "<group>"; };
		35A96E361896B10B00DC1300 /* en */ = {isa = PBXFileReference; lastKnownFileType = text.plist.strings; name = en; path = en.lproj/InfoPlist.strings; sourceTree = "<group>"; };
		35A96E381896B10B00DC1300 /* main.m */ = {isa = PBXFileReference; lastKnownFileType = sourcecode.c.objc; path = main.m; sourceTree = "<group>"; };
		35A96E3A1896B10B00DC1300 /* Away-Prefix.pch */ = {isa = PBXFileReference; lastKnownFileType = sourcecode.c.h; path = "Away-Prefix.pch"; sourceTree = "<group>"; };
		35A96E3B1896B10B00DC1300 /* AppDelegate.h */ = {isa = PBXFileReference; lastKnownFileType = sourcecode.c.h; path = AppDelegate.h; sourceTree = "<group>"; };
		35A96E3C1896B10B00DC1300 /* AppDelegate.m */ = {isa = PBXFileReference; lastKnownFileType = sourcecode.c.objc; path = AppDelegate.m; sourceTree = "<group>"; };
		35A96E3F1896B10B00DC1300 /* Base */ = {isa = PBXFileReference; lastKnownFileType = file.storyboard; name = Base; path = Base.lproj/Main.storyboard; sourceTree = "<group>"; };
		35A96E411896B10B00DC1300 /* LoginViewController.h */ = {isa = PBXFileReference; lastKnownFileType = sourcecode.c.h; path = LoginViewController.h; sourceTree = "<group>"; };
		35A96E421896B10B00DC1300 /* LoginViewController.m */ = {isa = PBXFileReference; lastKnownFileType = sourcecode.c.objc; path = LoginViewController.m; sourceTree = "<group>"; };
		35A96E441896B10B00DC1300 /* Images.xcassets */ = {isa = PBXFileReference; lastKnownFileType = folder.assetcatalog; path = Images.xcassets; sourceTree = "<group>"; };
		35A96E4A1896B10B00DC1300 /* AwayTests.xctest */ = {isa = PBXFileReference; explicitFileType = wrapper.cfbundle; includeInIndex = 0; path = AwayTests.xctest; sourceTree = BUILT_PRODUCTS_DIR; };
		35A96E4B1896B10B00DC1300 /* XCTest.framework */ = {isa = PBXFileReference; lastKnownFileType = wrapper.framework; name = XCTest.framework; path = Library/Frameworks/XCTest.framework; sourceTree = DEVELOPER_DIR; };
		35A96E531896B10B00DC1300 /* AwayTests-Info.plist */ = {isa = PBXFileReference; lastKnownFileType = text.plist.xml; path = "AwayTests-Info.plist"; sourceTree = "<group>"; };
		35A96E551896B10B00DC1300 /* en */ = {isa = PBXFileReference; lastKnownFileType = text.plist.strings; name = en; path = en.lproj/InfoPlist.strings; sourceTree = "<group>"; };
		35A96E6E1896B7CF00DC1300 /* MainViewController.h */ = {isa = PBXFileReference; fileEncoding = 4; lastKnownFileType = sourcecode.c.h; path = MainViewController.h; sourceTree = "<group>"; };
		35A96E6F1896B7CF00DC1300 /* MainViewController.m */ = {isa = PBXFileReference; fileEncoding = 4; lastKnownFileType = sourcecode.c.objc; path = MainViewController.m; sourceTree = "<group>"; };
		35A96E711896B7EE00DC1300 /* DetailViewController.h */ = {isa = PBXFileReference; fileEncoding = 4; lastKnownFileType = sourcecode.c.h; path = DetailViewController.h; sourceTree = "<group>"; };
		35A96E721896B7EE00DC1300 /* DetailViewController.m */ = {isa = PBXFileReference; fileEncoding = 4; lastKnownFileType = sourcecode.c.objc; path = DetailViewController.m; sourceTree = "<group>"; };
		35A96E741896B83500DC1300 /* FavoritesViewController.h */ = {isa = PBXFileReference; fileEncoding = 4; lastKnownFileType = sourcecode.c.h; path = FavoritesViewController.h; sourceTree = "<group>"; };
		35A96E751896B83500DC1300 /* FavoritesViewController.m */ = {isa = PBXFileReference; fileEncoding = 4; lastKnownFileType = sourcecode.c.objc; path = FavoritesViewController.m; sourceTree = "<group>"; };
		35A96E771896B85000DC1300 /* SettingsViewController.h */ = {isa = PBXFileReference; fileEncoding = 4; lastKnownFileType = sourcecode.c.h; path = SettingsViewController.h; sourceTree = "<group>"; };
		35A96E781896B85000DC1300 /* SettingsViewController.m */ = {isa = PBXFileReference; fileEncoding = 4; lastKnownFileType = sourcecode.c.objc; path = SettingsViewController.m; sourceTree = "<group>"; };
/* End PBXFileReference section */

/* Begin PBXFrameworksBuildPhase section */
		35A96E261896B10B00DC1300 /* Frameworks */ = {
			isa = PBXFrameworksBuildPhase;
			buildActionMask = 2147483647;
			files = (
				4245744A18A258C400E557F1 /* FacebookSDK.framework in Frameworks */,
				35A96E2F1896B10B00DC1300 /* CoreGraphics.framework in Frameworks */,
				35A96E311896B10B00DC1300 /* UIKit.framework in Frameworks */,
				35A96E2D1896B10B00DC1300 /* Foundation.framework in Frameworks */,
			);
			runOnlyForDeploymentPostprocessing = 0;
		};
		35A96E471896B10B00DC1300 /* Frameworks */ = {
			isa = PBXFrameworksBuildPhase;
			buildActionMask = 2147483647;
			files = (
				35A96E4C1896B10B00DC1300 /* XCTest.framework in Frameworks */,
				35A96E4E1896B10B00DC1300 /* UIKit.framework in Frameworks */,
				35A96E4D1896B10B00DC1300 /* Foundation.framework in Frameworks */,
			);
			runOnlyForDeploymentPostprocessing = 0;
		};
/* End PBXFrameworksBuildPhase section */

/* Begin PBXGroup section */
		1A3199131897E3B60080261C /* View */ = {
			isa = PBXGroup;
			children = (
				355FA24618A26B5300F903BF /* DetailFriendCustomCell.h */,
				355FA24718A26B5300F903BF /* DetailFriendCustomCell.m */,
				1A12F96618AB53BF00942612 /* FloatingShadowView.h */,
				1A12F96718AB53BF00942612 /* FloatingShadowView.m */,
				356AC3C6189C03B3000EEBBD /* FavoriteTableViewCell.h */,
				356AC3C7189C03B3000EEBBD /* FavoriteTableViewCell.m */,
			);
			name = View;
			sourceTree = "<group>";
		};
		1A3199141897E3BB0080261C /* Controller */ = {
			isa = PBXGroup;
			children = (
				35A96E411896B10B00DC1300 /* LoginViewController.h */,
				35A96E421896B10B00DC1300 /* LoginViewController.m */,
				35A96E6E1896B7CF00DC1300 /* MainViewController.h */,
				35A96E6F1896B7CF00DC1300 /* MainViewController.m */,
				35A96E711896B7EE00DC1300 /* DetailViewController.h */,
				35A96E721896B7EE00DC1300 /* DetailViewController.m */,
				35A96E741896B83500DC1300 /* FavoritesViewController.h */,
				35A96E751896B83500DC1300 /* FavoritesViewController.m */,
				35A96E771896B85000DC1300 /* SettingsViewController.h */,
				35A96E781896B85000DC1300 /* SettingsViewController.m */,
				1A11BBC918AAEA8C003BB6FC /* tViewController.h */,
				1A11BBCA18AAEA8C003BB6FC /* tViewController.m */,
				1A12F96C18AB701100942612 /* DetailFromFavViewController.h */,
				1A12F96D18AB701100942612 /* DetailFromFavViewController.m */,
			);
			name = Controller;
			sourceTree = "<group>";
		};
		1A4B75EE18A41F3D00304125 /* Categories */ = {
			isa = PBXGroup;
			children = (
				1A4B75F618A41F6400304125 /* NSDictionary+URLArguments.m */,
				1A4B75F718A41F6400304125 /* NSDictionary+URLArguments.h */,
				1AD9C3CB189C645E00CA6210 /* NSMutableArray+FIFOQueue.h */,
				1AD9C3CC189C645E00CA6210 /* NSMutableArray+FIFOQueue.m */,
				1A4B75EF18A41F4600304125 /* UIImage+ImageEffects.m */,
				1A4B75F018A41F4600304125 /* NSString+URLArguments.m */,
				1A4B75F118A41F4600304125 /* UIImage+ImageEffects.h */,
				1A4B75F218A41F4600304125 /* NSString+URLArguments.h */,
			);
			name = Categories;
			sourceTree = "<group>";
		};
		1A4B75F518A41F5100304125 /* Networking */ = {
			isa = PBXGroup;
			children = (
				1A4B75F918A41F8C00304125 /* HTTPRequest.m */,
				1A4B75FA18A41F8C00304125 /* HTTPRawDataParser.m */,
				1A4B75FB18A41F8C00304125 /* HTTPRequest.h */,
				1A4B75FC18A41F8C00304125 /* HTTPRawDataType.h */,
				1A4B75FD18A41F8C00304125 /* AbstractWebServicePrivate.h */,
				1A4B75FE18A41F8C00304125 /* AbstractWebService.m */,
				1A4B75FF18A41F8C00304125 /* HTTPResponseObject.m */,
				1A4B760018A41F8C00304125 /* HTTPRawDataParser.h */,
				1A4B760118A41F8C00304125 /* HTTPResponseObject.h */,
				1A4B760218A41F8C00304125 /* AbstractWebService.h */,
			);
			name = Networking;
			sourceTree = "<group>";
		};
		1A965760189981BB00DB1D32 /* Model */ = {
			isa = PBXGroup;
			children = (
				356AC3C3189BD7AD000EEBBD /* Session.h */,
				356AC3C4189BD7AD000EEBBD /* Session.m */,
				1A965761189981CF00DB1D32 /* User.h */,
				1A965762189981CF00DB1D32 /* User.m */,
				1A965764189981DB00DB1D32 /* Destination.h */,
				1A965765189981DB00DB1D32 /* Destination.m */,
				1AD9C3C4189C619200CA6210 /* DestinationPresenterManager.h */,
				1AD9C3C5189C619200CA6210 /* DestinationPresenterManager.m */,
				1AD9C3D0189C92AC00CA6210 /* DestinationViewPoint.h */,
				1AD9C3D1189C92AC00CA6210 /* DestinationViewPoint.m */,
			);
			name = Model;
			sourceTree = "<group>";
		};
		1AD9C3C7189C621800CA6210 /* Helpers */ = {
			isa = PBXGroup;
			children = (
				1A4B75F518A41F5100304125 /* Networking */,
				1A4B75EE18A41F3D00304125 /* Categories */,
			);
			name = Helpers;
			sourceTree = "<group>";
		};
		35036B4818BF8B9D00FFF4A5 /* Destination */ = {
			isa = PBXGroup;
			children = (
				35036B4918BF8B9D00FFF4A5 /* AC */,
				35036B4B18BF8B9D00FFF4A5 /* AL */,
				35036B4D18BF8B9D00FFF4A5 /* AM */,
				35036B4F18BF8B9D00FFF4A5 /* AP */,
				35036B5118BF8B9D00FFF4A5 /* BA */,
				35036B5318BF8B9D00FFF4A5 /* CE */,
				35036B5518BF8B9D00FFF4A5 /* DF */,
				35036B5718BF8B9D00FFF4A5 /* ES */,
				35036B5918BF8B9D00FFF4A5 /* GO */,
				35036B5B18BF8B9D00FFF4A5 /* MA */,
				35036B5D18BF8B9D00FFF4A5 /* MG */,
				35036B6018BF8B9D00FFF4A5 /* MS */,
				35036B6218BF8B9D00FFF4A5 /* MT */,
				35036B6418BF8B9D00FFF4A5 /* PA */,
				35036B6618BF8B9D00FFF4A5 /* PB */,
				35036B6818BF8B9D00FFF4A5 /* PE */,
				35036B6B18BF8B9D00FFF4A5 /* PI */,
				35036B6D18BF8B9D00FFF4A5 /* PR */,
				35036B7018BF8B9D00FFF4A5 /* RJ */,
				35036B7218BF8B9D00FFF4A5 /* RN */,
				35036B7418BF8B9D00FFF4A5 /* RO */,
				35036B7618BF8B9D00FFF4A5 /* RR */,
				35036B7818BF8B9D00FFF4A5 /* RS */,
				35036B7A18BF8B9D00FFF4A5 /* SC */,
				35036B7C18BF8B9D00FFF4A5 /* SE */,
				35036B7E18BF8B9D00FFF4A5 /* SP */,
				35036B8018BF8B9D00FFF4A5 /* TO */,
			);
			path = Destination;
			sourceTree = "<group>";
		};
		35036B4918BF8B9D00FFF4A5 /* AC */ = {
			isa = PBXGroup;
			children = (
				35036B4A18BF8B9D00FFF4A5 /* riobranco.json */,
			);
			path = AC;
			sourceTree = "<group>";
		};
		35036B4B18BF8B9D00FFF4A5 /* AL */ = {
			isa = PBXGroup;
			children = (
				35036B4C18BF8B9D00FFF4A5 /* maceio.json */,
			);
			path = AL;
			sourceTree = "<group>";
		};
		35036B4D18BF8B9D00FFF4A5 /* AM */ = {
			isa = PBXGroup;
			children = (
				35036B4E18BF8B9D00FFF4A5 /* manaus.json */,
			);
			path = AM;
			sourceTree = "<group>";
		};
		35036B4F18BF8B9D00FFF4A5 /* AP */ = {
			isa = PBXGroup;
			children = (
				35036B5018BF8B9D00FFF4A5 /* macapa.json */,
			);
			path = AP;
			sourceTree = "<group>";
		};
		35036B5118BF8B9D00FFF4A5 /* BA */ = {
			isa = PBXGroup;
			children = (
				35036B5218BF8B9D00FFF4A5 /* salvador.json */,
			);
			path = BA;
			sourceTree = "<group>";
		};
		35036B5318BF8B9D00FFF4A5 /* CE */ = {
			isa = PBXGroup;
			children = (
				35036B5418BF8B9D00FFF4A5 /* fortaleza.json */,
			);
			path = CE;
			sourceTree = "<group>";
		};
		35036B5518BF8B9D00FFF4A5 /* DF */ = {
			isa = PBXGroup;
			children = (
				35036B5618BF8B9D00FFF4A5 /* brasilia.json */,
			);
			path = DF;
			sourceTree = "<group>";
		};
		35036B5718BF8B9D00FFF4A5 /* ES */ = {
			isa = PBXGroup;
			children = (
				35036B5818BF8B9D00FFF4A5 /* vitoria.json */,
			);
			path = ES;
			sourceTree = "<group>";
		};
		35036B5918BF8B9D00FFF4A5 /* GO */ = {
			isa = PBXGroup;
			children = (
				35036B5A18BF8B9D00FFF4A5 /* goiania.json */,
			);
			path = GO;
			sourceTree = "<group>";
		};
		35036B5B18BF8B9D00FFF4A5 /* MA */ = {
			isa = PBXGroup;
			children = (
				35036B5C18BF8B9D00FFF4A5 /* saoluis.json */,
			);
			path = MA;
			sourceTree = "<group>";
		};
		35036B5D18BF8B9D00FFF4A5 /* MG */ = {
			isa = PBXGroup;
			children = (
				35036B5E18BF8B9D00FFF4A5 /* belohorizonte.json */,
				35036B5F18BF8B9D00FFF4A5 /* lagoasanta.json */,
			);
			path = MG;
			sourceTree = "<group>";
		};
		35036B6018BF8B9D00FFF4A5 /* MS */ = {
			isa = PBXGroup;
			children = (
				35036B6118BF8B9D00FFF4A5 /* campogrande.json */,
			);
			path = MS;
			sourceTree = "<group>";
		};
		35036B6218BF8B9D00FFF4A5 /* MT */ = {
			isa = PBXGroup;
			children = (
				35036B6318BF8B9D00FFF4A5 /* cuiaba.json */,
			);
			path = MT;
			sourceTree = "<group>";
		};
		35036B6418BF8B9D00FFF4A5 /* PA */ = {
			isa = PBXGroup;
			children = (
				35036B6518BF8B9D00FFF4A5 /* belem.json */,
			);
			path = PA;
			sourceTree = "<group>";
		};
		35036B6618BF8B9D00FFF4A5 /* PB */ = {
			isa = PBXGroup;
			children = (
				35036B6718BF8B9D00FFF4A5 /* joaopessoa.json */,
			);
			path = PB;
			sourceTree = "<group>";
		};
		35036B6818BF8B9D00FFF4A5 /* PE */ = {
			isa = PBXGroup;
			children = (
				35036B6918BF8B9D00FFF4A5 /* igarassu.json */,
				35036B6A18BF8B9D00FFF4A5 /* recife.json */,
			);
			path = PE;
			sourceTree = "<group>";
		};
		35036B6B18BF8B9D00FFF4A5 /* PI */ = {
			isa = PBXGroup;
			children = (
				35036B6C18BF8B9D00FFF4A5 /* teresina.json */,
			);
			path = PI;
			sourceTree = "<group>";
		};
		35036B6D18BF8B9D00FFF4A5 /* PR */ = {
			isa = PBXGroup;
			children = (
				35036B6E18BF8B9D00FFF4A5 /* curitiba.json */,
				35036B6F18BF8B9D00FFF4A5 /* fozdoiguacu.json */,
			);
			path = PR;
			sourceTree = "<group>";
		};
		35036B7018BF8B9D00FFF4A5 /* RJ */ = {
			isa = PBXGroup;
			children = (
				35036B7118BF8B9D00FFF4A5 /* riodejaneiro.json */,
			);
			path = RJ;
			sourceTree = "<group>";
		};
		35036B7218BF8B9D00FFF4A5 /* RN */ = {
			isa = PBXGroup;
			children = (
				35036B7318BF8B9D00FFF4A5 /* natal.json */,
			);
			path = RN;
			sourceTree = "<group>";
		};
		35036B7418BF8B9D00FFF4A5 /* RO */ = {
			isa = PBXGroup;
			children = (
				35036B7518BF8B9D00FFF4A5 /* portovelho.json */,
			);
			path = RO;
			sourceTree = "<group>";
		};
		35036B7618BF8B9D00FFF4A5 /* RR */ = {
			isa = PBXGroup;
			children = (
				35036B7718BF8B9D00FFF4A5 /* boavista.json */,
			);
			path = RR;
			sourceTree = "<group>";
		};
		35036B7818BF8B9D00FFF4A5 /* RS */ = {
			isa = PBXGroup;
			children = (
				35036B7918BF8B9D00FFF4A5 /* portoalegre.json */,
			);
			path = RS;
			sourceTree = "<group>";
		};
		35036B7A18BF8B9D00FFF4A5 /* SC */ = {
			isa = PBXGroup;
			children = (
				35036B7B18BF8B9D00FFF4A5 /* florianopolis.json */,
			);
			path = SC;
			sourceTree = "<group>";
		};
		35036B7C18BF8B9D00FFF4A5 /* SE */ = {
			isa = PBXGroup;
			children = (
				35036B7D18BF8B9D00FFF4A5 /* aracaju.json */,
			);
			path = SE;
			sourceTree = "<group>";
		};
		35036B7E18BF8B9D00FFF4A5 /* SP */ = {
			isa = PBXGroup;
			children = (
				35036B7F18BF8B9D00FFF4A5 /* saopaulo.json */,
			);
			path = SP;
			sourceTree = "<group>";
		};
		35036B8018BF8B9D00FFF4A5 /* TO */ = {
			isa = PBXGroup;
			children = (
				35036B8118BF8B9D00FFF4A5 /* palmas.json */,
			);
			path = TO;
			sourceTree = "<group>";
		};
		35A96E201896B10B00DC1300 = {
			isa = PBXGroup;
			children = (
				35A96E321896B10B00DC1300 /* Away */,
				35A96E511896B10B00DC1300 /* AwayTests */,
				35A96E2B1896B10B00DC1300 /* Frameworks */,
				35A96E2A1896B10B00DC1300 /* Products */,
			);
			sourceTree = "<group>";
		};
		35A96E2A1896B10B00DC1300 /* Products */ = {
			isa = PBXGroup;
			children = (
				35A96E291896B10B00DC1300 /* Away.app */,
				35A96E4A1896B10B00DC1300 /* AwayTests.xctest */,
			);
			name = Products;
			sourceTree = "<group>";
		};
		35A96E2B1896B10B00DC1300 /* Frameworks */ = {
			isa = PBXGroup;
			children = (
				356AC3C1189A77B9000EEBBD /* FacebookSDK.framework */,
				35A96E2C1896B10B00DC1300 /* Foundation.framework */,
				35A96E2E1896B10B00DC1300 /* CoreGraphics.framework */,
				35A96E301896B10B00DC1300 /* UIKit.framework */,
				35A96E4B1896B10B00DC1300 /* XCTest.framework */,
			);
			name = Frameworks;
			sourceTree = "<group>";
		};
		35A96E321896B10B00DC1300 /* Away */ = {
			isa = PBXGroup;
			children = (
				1AD9C3C7189C621800CA6210 /* Helpers */,
				1A965760189981BB00DB1D32 /* Model */,
				35A96E3E1896B10B00DC1300 /* Main.storyboard */,
				35A96E3B1896B10B00DC1300 /* AppDelegate.h */,
				35A96E3C1896B10B00DC1300 /* AppDelegate.m */,
				1A11BBC418AAD817003BB6FC /* Demo.storyboard */,
				1A3199131897E3B60080261C /* View */,
				1A3199141897E3BB0080261C /* Controller */,
				35A96E441896B10B00DC1300 /* Images.xcassets */,
				35A96E331896B10B00DC1300 /* Supporting Files */,
			);
			path = Away;
			sourceTree = "<group>";
		};
		35A96E331896B10B00DC1300 /* Supporting Files */ = {
			isa = PBXGroup;
			children = (
				35036B4818BF8B9D00FFF4A5 /* Destination */,
				35A96E341896B10B00DC1300 /* Away-Info.plist */,
				35A96E351896B10B00DC1300 /* InfoPlist.strings */,
				35A96E381896B10B00DC1300 /* main.m */,
				35A96E3A1896B10B00DC1300 /* Away-Prefix.pch */,
			);
			name = "Supporting Files";
			sourceTree = "<group>";
		};
		35A96E511896B10B00DC1300 /* AwayTests */ = {
			isa = PBXGroup;
			children = (
				1A4B75EA18A41F2100304125 /* WebService.m */,
				1A4B75EB18A41F2100304125 /* HTTPRequests.m */,
				1AD9C3CE189C69B200CA6210 /* FIFOQueueTest.m */,
				35A96E521896B10B00DC1300 /* Supporting Files */,
			);
			path = AwayTests;
			sourceTree = "<group>";
		};
		35A96E521896B10B00DC1300 /* Supporting Files */ = {
			isa = PBXGroup;
			children = (
				35A96E531896B10B00DC1300 /* AwayTests-Info.plist */,
				35A96E541896B10B00DC1300 /* InfoPlist.strings */,
			);
			name = "Supporting Files";
			sourceTree = "<group>";
		};
/* End PBXGroup section */

/* Begin PBXNativeTarget section */
		35A96E281896B10B00DC1300 /* Away */ = {
			isa = PBXNativeTarget;
			buildConfigurationList = 35A96E5B1896B10B00DC1300 /* Build configuration list for PBXNativeTarget "Away" */;
			buildPhases = (
				35A96E251896B10B00DC1300 /* Sources */,
				35A96E261896B10B00DC1300 /* Frameworks */,
				35A96E271896B10B00DC1300 /* Resources */,
			);
			buildRules = (
			);
			dependencies = (
			);
			name = Away;
			productName = Away;
			productReference = 35A96E291896B10B00DC1300 /* Away.app */;
			productType = "com.apple.product-type.application";
		};
		35A96E491896B10B00DC1300 /* AwayTests */ = {
			isa = PBXNativeTarget;
			buildConfigurationList = 35A96E5E1896B10B00DC1300 /* Build configuration list for PBXNativeTarget "AwayTests" */;
			buildPhases = (
				35A96E461896B10B00DC1300 /* Sources */,
				35A96E471896B10B00DC1300 /* Frameworks */,
				35A96E481896B10B00DC1300 /* Resources */,
			);
			buildRules = (
			);
			dependencies = (
				35A96E501896B10B00DC1300 /* PBXTargetDependency */,
			);
			name = AwayTests;
			productName = AwayTests;
			productReference = 35A96E4A1896B10B00DC1300 /* AwayTests.xctest */;
			productType = "com.apple.product-type.bundle.unit-test";
		};
/* End PBXNativeTarget section */

/* Begin PBXProject section */
		35A96E211896B10B00DC1300 /* Project object */ = {
			isa = PBXProject;
			attributes = {
				LastUpgradeCheck = 0500;
				ORGANIZATIONNAME = "Wesley Ide";
				TargetAttributes = {
					35A96E491896B10B00DC1300 = {
						TestTargetID = 35A96E281896B10B00DC1300;
					};
				};
			};
			buildConfigurationList = 35A96E241896B10B00DC1300 /* Build configuration list for PBXProject "Away" */;
			compatibilityVersion = "Xcode 3.2";
			developmentRegion = English;
			hasScannedForEncodings = 0;
			knownRegions = (
				en,
				Base,
			);
			mainGroup = 35A96E201896B10B00DC1300;
			productRefGroup = 35A96E2A1896B10B00DC1300 /* Products */;
			projectDirPath = "";
			projectRoot = "";
			targets = (
				35A96E281896B10B00DC1300 /* Away */,
				35A96E491896B10B00DC1300 /* AwayTests */,
			);
		};
/* End PBXProject section */

/* Begin PBXResourcesBuildPhase section */
		35A96E271896B10B00DC1300 /* Resources */ = {
			isa = PBXResourcesBuildPhase;
			buildActionMask = 2147483647;
			files = (
				35036B8B18BF8B9D00FFF4A5 /* saoluis.json in Resources */,
				35A96E451896B10B00DC1300 /* Images.xcassets in Resources */,
				35036B9B18BF8B9D00FFF4A5 /* portoalegre.json in Resources */,
				35036B9F18BF8B9D00FFF4A5 /* palmas.json in Resources */,
				35036B9C18BF8B9D00FFF4A5 /* florianopolis.json in Resources */,
				35036B9818BF8B9D00FFF4A5 /* natal.json in Resources */,
				35036B8D18BF8B9D00FFF4A5 /* lagoasanta.json in Resources */,
				35036B9218BF8B9D00FFF4A5 /* igarassu.json in Resources */,
				35036B8418BF8B9D00FFF4A5 /* manaus.json in Resources */,
				35036B8918BF8B9D00FFF4A5 /* vitoria.json in Resources */,
				35036B9A18BF8B9D00FFF4A5 /* boavista.json in Resources */,
				35036B9418BF8B9D00FFF4A5 /* teresina.json in Resources */,
				35036B9D18BF8B9D00FFF4A5 /* aracaju.json in Resources */,
				35036B8818BF8B9D00FFF4A5 /* brasilia.json in Resources */,
				35036B9518BF8B9D00FFF4A5 /* curitiba.json in Resources */,
				35036B8618BF8B9D00FFF4A5 /* salvador.json in Resources */,
				35036B8E18BF8B9D00FFF4A5 /* campogrande.json in Resources */,
				35036B8318BF8B9D00FFF4A5 /* maceio.json in Resources */,
				35036B9018BF8B9D00FFF4A5 /* belem.json in Resources */,
				35A96E371896B10B00DC1300 /* InfoPlist.strings in Resources */,
				35A96E401896B10B00DC1300 /* Main.storyboard in Resources */,
				35036B8218BF8B9D00FFF4A5 /* riobranco.json in Resources */,
				35036B9718BF8B9D00FFF4A5 /* riodejaneiro.json in Resources */,
				35036B8518BF8B9D00FFF4A5 /* macapa.json in Resources */,
				35036B8718BF8B9D00FFF4A5 /* fortaleza.json in Resources */,
				35036B9E18BF8B9D00FFF4A5 /* saopaulo.json in Resources */,
				35036B8F18BF8B9D00FFF4A5 /* cuiaba.json in Resources */,
				35036B8A18BF8B9D00FFF4A5 /* goiania.json in Resources */,
				1A11BBC518AAD817003BB6FC /* Demo.storyboard in Resources */,
				35036B9318BF8B9D00FFF4A5 /* recife.json in Resources */,
				35036B8C18BF8B9D00FFF4A5 /* belohorizonte.json in Resources */,
				35036B9918BF8B9D00FFF4A5 /* portovelho.json in Resources */,
				35036B9118BF8B9D00FFF4A5 /* joaopessoa.json in Resources */,
				35036B9618BF8B9D00FFF4A5 /* fozdoiguacu.json in Resources */,
			);
			runOnlyForDeploymentPostprocessing = 0;
		};
		35A96E481896B10B00DC1300 /* Resources */ = {
			isa = PBXResourcesBuildPhase;
			buildActionMask = 2147483647;
			files = (
				35A96E561896B10B00DC1300 /* InfoPlist.strings in Resources */,
			);
			runOnlyForDeploymentPostprocessing = 0;
		};
/* End PBXResourcesBuildPhase section */

/* Begin PBXSourcesBuildPhase section */
		35A96E251896B10B00DC1300 /* Sources */ = {
			isa = PBXSourcesBuildPhase;
			buildActionMask = 2147483647;
			files = (
				1A4B75F318A41F4600304125 /* UIImage+ImageEffects.m in Sources */,
				355FA24818A26B5300F903BF /* DetailFriendCustomCell.m in Sources */,
				1A4B760518A41F8C00304125 /* AbstractWebService.m in Sources */,
				1A965763189981CF00DB1D32 /* User.m in Sources */,
				1A4B760418A41F8C00304125 /* HTTPRawDataParser.m in Sources */,
				1AD9C3C6189C619200CA6210 /* DestinationPresenterManager.m in Sources */,
				35A96E701896B7CF00DC1300 /* MainViewController.m in Sources */,
				35A96E431896B10B00DC1300 /* LoginViewController.m in Sources */,
				35A96E791896B85000DC1300 /* SettingsViewController.m in Sources */,
				1A965766189981DB00DB1D32 /* Destination.m in Sources */,
				35A96E3D1896B10B00DC1300 /* AppDelegate.m in Sources */,
				1A4B760618A41F8C00304125 /* HTTPResponseObject.m in Sources */,
				1A12F96818AB53BF00942612 /* FloatingShadowView.m in Sources */,
				35A96E391896B10B00DC1300 /* main.m in Sources */,
				1AD9C3D2189C92AC00CA6210 /* DestinationViewPoint.m in Sources */,
				1A12F96E18AB701100942612 /* DetailFromFavViewController.m in Sources */,
				1AD9C3CD189C645E00CA6210 /* NSMutableArray+FIFOQueue.m in Sources */,
				1A11BBCB18AAEA8C003BB6FC /* tViewController.m in Sources */,
				1A4B75F418A41F4600304125 /* NSString+URLArguments.m in Sources */,
				35A96E761896B83500DC1300 /* FavoritesViewController.m in Sources */,
				356AC3C5189BD7AD000EEBBD /* Session.m in Sources */,
				1A4B760318A41F8C00304125 /* HTTPRequest.m in Sources */,
				1A4B75F818A41F6400304125 /* NSDictionary+URLArguments.m in Sources */,
				356AC3C8189C03B3000EEBBD /* FavoriteTableViewCell.m in Sources */,
				35A96E731896B7EE00DC1300 /* DetailViewController.m in Sources */,
			);
			runOnlyForDeploymentPostprocessing = 0;
		};
		35A96E461896B10B00DC1300 /* Sources */ = {
			isa = PBXSourcesBuildPhase;
			buildActionMask = 2147483647;
			files = (
				1A4B75EC18A41F2100304125 /* WebService.m in Sources */,
				1A4B75ED18A41F2100304125 /* HTTPRequests.m in Sources */,
				1AD9C3CF189C69B200CA6210 /* FIFOQueueTest.m in Sources */,
			);
			runOnlyForDeploymentPostprocessing = 0;
		};
/* End PBXSourcesBuildPhase section */

/* Begin PBXTargetDependency section */
		35A96E501896B10B00DC1300 /* PBXTargetDependency */ = {
			isa = PBXTargetDependency;
			target = 35A96E281896B10B00DC1300 /* Away */;
			targetProxy = 35A96E4F1896B10B00DC1300 /* PBXContainerItemProxy */;
		};
/* End PBXTargetDependency section */

/* Begin PBXVariantGroup section */
		35A96E351896B10B00DC1300 /* InfoPlist.strings */ = {
			isa = PBXVariantGroup;
			children = (
				35A96E361896B10B00DC1300 /* en */,
			);
			name = InfoPlist.strings;
			sourceTree = "<group>";
		};
		35A96E3E1896B10B00DC1300 /* Main.storyboard */ = {
			isa = PBXVariantGroup;
			children = (
				35A96E3F1896B10B00DC1300 /* Base */,
			);
			name = Main.storyboard;
			sourceTree = "<group>";
		};
		35A96E541896B10B00DC1300 /* InfoPlist.strings */ = {
			isa = PBXVariantGroup;
			children = (
				35A96E551896B10B00DC1300 /* en */,
			);
			name = InfoPlist.strings;
			sourceTree = "<group>";
		};
/* End PBXVariantGroup section */

/* Begin XCBuildConfiguration section */
		35A96E591896B10B00DC1300 /* Debug */ = {
			isa = XCBuildConfiguration;
			buildSettings = {
				ALWAYS_SEARCH_USER_PATHS = NO;
				ARCHS = "$(ARCHS_STANDARD_INCLUDING_64_BIT)";
				CLANG_CXX_LANGUAGE_STANDARD = "gnu++0x";
				CLANG_CXX_LIBRARY = "libc++";
				CLANG_ENABLE_MODULES = YES;
				CLANG_ENABLE_OBJC_ARC = YES;
				CLANG_WARN_BOOL_CONVERSION = YES;
				CLANG_WARN_CONSTANT_CONVERSION = YES;
				CLANG_WARN_DIRECT_OBJC_ISA_USAGE = YES_ERROR;
				CLANG_WARN_EMPTY_BODY = YES;
				CLANG_WARN_ENUM_CONVERSION = YES;
				CLANG_WARN_INT_CONVERSION = YES;
				CLANG_WARN_OBJC_ROOT_CLASS = YES_ERROR;
				CLANG_WARN__DUPLICATE_METHOD_MATCH = YES;
				"CODE_SIGN_IDENTITY[sdk=iphoneos*]" = "iPhone Developer";
				COPY_PHASE_STRIP = NO;
				GCC_C_LANGUAGE_STANDARD = gnu99;
				GCC_DYNAMIC_NO_PIC = NO;
				GCC_OPTIMIZATION_LEVEL = 0;
				GCC_PREPROCESSOR_DEFINITIONS = (
					"DEBUG=1",
					"$(inherited)",
				);
				GCC_SYMBOLS_PRIVATE_EXTERN = NO;
				GCC_WARN_64_TO_32_BIT_CONVERSION = YES;
				GCC_WARN_ABOUT_RETURN_TYPE = YES_ERROR;
				GCC_WARN_UNDECLARED_SELECTOR = YES;
				GCC_WARN_UNINITIALIZED_AUTOS = YES;
				GCC_WARN_UNUSED_FUNCTION = YES;
				GCC_WARN_UNUSED_VARIABLE = YES;
				IPHONEOS_DEPLOYMENT_TARGET = 7.0;
				ONLY_ACTIVE_ARCH = YES;
				SDKROOT = iphoneos;
			};
			name = Debug;
		};
		35A96E5A1896B10B00DC1300 /* Release */ = {
			isa = XCBuildConfiguration;
			buildSettings = {
				ALWAYS_SEARCH_USER_PATHS = NO;
				ARCHS = "$(ARCHS_STANDARD_INCLUDING_64_BIT)";
				CLANG_CXX_LANGUAGE_STANDARD = "gnu++0x";
				CLANG_CXX_LIBRARY = "libc++";
				CLANG_ENABLE_MODULES = YES;
				CLANG_ENABLE_OBJC_ARC = YES;
				CLANG_WARN_BOOL_CONVERSION = YES;
				CLANG_WARN_CONSTANT_CONVERSION = YES;
				CLANG_WARN_DIRECT_OBJC_ISA_USAGE = YES_ERROR;
				CLANG_WARN_EMPTY_BODY = YES;
				CLANG_WARN_ENUM_CONVERSION = YES;
				CLANG_WARN_INT_CONVERSION = YES;
				CLANG_WARN_OBJC_ROOT_CLASS = YES_ERROR;
				CLANG_WARN__DUPLICATE_METHOD_MATCH = YES;
				"CODE_SIGN_IDENTITY[sdk=iphoneos*]" = "iPhone Developer";
				COPY_PHASE_STRIP = YES;
				ENABLE_NS_ASSERTIONS = NO;
				GCC_C_LANGUAGE_STANDARD = gnu99;
				GCC_WARN_64_TO_32_BIT_CONVERSION = YES;
				GCC_WARN_ABOUT_RETURN_TYPE = YES_ERROR;
				GCC_WARN_UNDECLARED_SELECTOR = YES;
				GCC_WARN_UNINITIALIZED_AUTOS = YES;
				GCC_WARN_UNUSED_FUNCTION = YES;
				GCC_WARN_UNUSED_VARIABLE = YES;
				IPHONEOS_DEPLOYMENT_TARGET = 7.0;
				SDKROOT = iphoneos;
				VALIDATE_PRODUCT = YES;
			};
			name = Release;
		};
		35A96E5C1896B10B00DC1300 /* Debug */ = {
			isa = XCBuildConfiguration;
			buildSettings = {
				ASSETCATALOG_COMPILER_APPICON_NAME = AppIcon;
				ASSETCATALOG_COMPILER_LAUNCHIMAGE_NAME = LaunchImage;
				FRAMEWORK_SEARCH_PATHS = (
					"$(inherited)",
					"/Users/wesleyide/Copy/Ws/BEPiD/Challenge\\ 2/away",
				);
				GCC_PRECOMPILE_PREFIX_HEADER = YES;
				GCC_PREFIX_HEADER = "Away/Away-Prefix.pch";
				INFOPLIST_FILE = "Away/Away-Info.plist";
				PRODUCT_NAME = "$(TARGET_NAME)";
				WRAPPER_EXTENSION = app;
			};
			name = Debug;
		};
		35A96E5D1896B10B00DC1300 /* Release */ = {
			isa = XCBuildConfiguration;
			buildSettings = {
				ASSETCATALOG_COMPILER_APPICON_NAME = AppIcon;
				ASSETCATALOG_COMPILER_LAUNCHIMAGE_NAME = LaunchImage;
				FRAMEWORK_SEARCH_PATHS = (
					"$(inherited)",
					"/Users/wesleyide/Copy/Ws/BEPiD/Challenge\\ 2/away",
				);
				GCC_PRECOMPILE_PREFIX_HEADER = YES;
				GCC_PREFIX_HEADER = "Away/Away-Prefix.pch";
				INFOPLIST_FILE = "Away/Away-Info.plist";
				PRODUCT_NAME = "$(TARGET_NAME)";
				WRAPPER_EXTENSION = app;
			};
			name = Release;
		};
		35A96E5F1896B10B00DC1300 /* Debug */ = {
			isa = XCBuildConfiguration;
			buildSettings = {
				ARCHS = "$(ARCHS_STANDARD_INCLUDING_64_BIT)";
				BUNDLE_LOADER = "$(BUILT_PRODUCTS_DIR)/Away.app/Away";
				FRAMEWORK_SEARCH_PATHS = (
					"$(SDKROOT)/Developer/Library/Frameworks",
					"$(inherited)",
					"$(DEVELOPER_FRAMEWORKS_DIR)",
				);
				GCC_PRECOMPILE_PREFIX_HEADER = YES;
				GCC_PREFIX_HEADER = "Away/Away-Prefix.pch";
				GCC_PREPROCESSOR_DEFINITIONS = (
					"DEBUG=1",
					"$(inherited)",
				);
				INFOPLIST_FILE = "AwayTests/AwayTests-Info.plist";
				PRODUCT_NAME = "$(TARGET_NAME)";
				TEST_HOST = "$(BUNDLE_LOADER)";
				WRAPPER_EXTENSION = xctest;
			};
			name = Debug;
		};
		35A96E601896B10B00DC1300 /* Release */ = {
			isa = XCBuildConfiguration;
			buildSettings = {
				ARCHS = "$(ARCHS_STANDARD_INCLUDING_64_BIT)";
				BUNDLE_LOADER = "$(BUILT_PRODUCTS_DIR)/Away.app/Away";
				FRAMEWORK_SEARCH_PATHS = (
					"$(SDKROOT)/Developer/Library/Frameworks",
					"$(inherited)",
					"$(DEVELOPER_FRAMEWORKS_DIR)",
				);
				GCC_PRECOMPILE_PREFIX_HEADER = YES;
				GCC_PREFIX_HEADER = "Away/Away-Prefix.pch";
				INFOPLIST_FILE = "AwayTests/AwayTests-Info.plist";
				PRODUCT_NAME = "$(TARGET_NAME)";
				TEST_HOST = "$(BUNDLE_LOADER)";
				WRAPPER_EXTENSION = xctest;
			};
			name = Release;
		};
/* End XCBuildConfiguration section */

/* Begin XCConfigurationList section */
		35A96E241896B10B00DC1300 /* Build configuration list for PBXProject "Away" */ = {
			isa = XCConfigurationList;
			buildConfigurations = (
				35A96E591896B10B00DC1300 /* Debug */,
				35A96E5A1896B10B00DC1300 /* Release */,
			);
			defaultConfigurationIsVisible = 0;
			defaultConfigurationName = Release;
		};
		35A96E5B1896B10B00DC1300 /* Build configuration list for PBXNativeTarget "Away" */ = {
			isa = XCConfigurationList;
			buildConfigurations = (
				35A96E5C1896B10B00DC1300 /* Debug */,
				35A96E5D1896B10B00DC1300 /* Release */,
			);
			defaultConfigurationIsVisible = 0;
			defaultConfigurationName = Release;
		};
		35A96E5E1896B10B00DC1300 /* Build configuration list for PBXNativeTarget "AwayTests" */ = {
			isa = XCConfigurationList;
			buildConfigurations = (
				35A96E5F1896B10B00DC1300 /* Debug */,
				35A96E601896B10B00DC1300 /* Release */,
			);
			defaultConfigurationIsVisible = 0;
			defaultConfigurationName = Release;
		};
/* End XCConfigurationList section */
	};
	rootObject = 35A96E211896B10B00DC1300 /* Project object */;
}
