// !$*UTF8*$!
{
	archiveVersion = 1;
	classes = {
	};
	objectVersion = 46;
	objects = {

/* Begin PBXBuildFile section */
		1A4B75EC18A41F2100304125 /* WebService.m in Sources */ = {isa = PBXBuildFile; fileRef = 1A4B75EA18A41F2100304125 /* WebService.m */; };
		1A4B75ED18A41F2100304125 /* HTTPRequests.m in Sources */ = {isa = PBXBuildFile; fileRef = 1A4B75EB18A41F2100304125 /* HTTPRequests.m */; };
		1A4B75F318A41F4600304125 /* UIImage+ImageEffects.m in Sources */ = {isa = PBXBuildFile; fileRef = 1A4B75EF18A41F4600304125 /* UIImage+ImageEffects.m */; };
		1A4B75F418A41F4600304125 /* NSString+URLArguments.m in Sources */ = {isa = PBXBuildFile; fileRef = 1A4B75F018A41F4600304125 /* NSString+URLArguments.m */; };
		1A4B75F818A41F6400304125 /* NSDictionary+URLArguments.m in Sources */ = {isa = PBXBuildFile; fileRef = 1A4B75F618A41F6400304125 /* NSDictionary+URLArguments.m */; };
		1A4B760318A41F8C00304125 /* HTTPRequest.m in Sources */ = {isa = PBXBuildFile; fileRef = 1A4B75F918A41F8C00304125 /* HTTPRequest.m */; };
		1A4B760418A41F8C00304125 /* HTTPRawDataParser.m in Sources */ = {isa = PBXBuildFile; fileRef = 1A4B75FA18A41F8C00304125 /* HTTPRawDataParser.m */; };
		1A4B760518A41F8C00304125 /* AbstractWebService.m in Sources */ = {isa = PBXBuildFile; fileRef = 1A4B75FE18A41F8C00304125 /* AbstractWebService.m */; };
		1A4B760618A41F8C00304125 /* HTTPResponseObject.m in Sources */ = {isa = PBXBuildFile; fileRef = 1A4B75FF18A41F8C00304125 /* HTTPResponseObject.m */; };
		1A4B760C18A50F7B00304125 /* TestViewController.m in Sources */ = {isa = PBXBuildFile; fileRef = 1A4B760B18A50F7B00304125 /* TestViewController.m */; };
		1A965763189981CF00DB1D32 /* User.m in Sources */ = {isa = PBXBuildFile; fileRef = 1A965762189981CF00DB1D32 /* User.m */; };
		1A965766189981DB00DB1D32 /* Destination.m in Sources */ = {isa = PBXBuildFile; fileRef = 1A965765189981DB00DB1D32 /* Destination.m */; };
		1AD9C3C6189C619200CA6210 /* DestinationPresenterManager.m in Sources */ = {isa = PBXBuildFile; fileRef = 1AD9C3C5189C619200CA6210 /* DestinationPresenterManager.m */; };
		1AD9C3CD189C645E00CA6210 /* NSMutableArray+FIFOQueue.m in Sources */ = {isa = PBXBuildFile; fileRef = 1AD9C3CC189C645E00CA6210 /* NSMutableArray+FIFOQueue.m */; };
		1AD9C3CF189C69B200CA6210 /* FIFOQueueTest.m in Sources */ = {isa = PBXBuildFile; fileRef = 1AD9C3CE189C69B200CA6210 /* FIFOQueueTest.m */; };
		1AD9C3D2189C92AC00CA6210 /* DestinationViewPoint.m in Sources */ = {isa = PBXBuildFile; fileRef = 1AD9C3D1189C92AC00CA6210 /* DestinationViewPoint.m */; };
		355FA24818A26B5300F903BF /* DetailFriendCustomCell.m in Sources */ = {isa = PBXBuildFile; fileRef = 355FA24718A26B5300F903BF /* DetailFriendCustomCell.m */; };
		356AC3C5189BD7AD000EEBBD /* Session.m in Sources */ = {isa = PBXBuildFile; fileRef = 356AC3C4189BD7AD000EEBBD /* Session.m */; };
		356AC3C8189C03B3000EEBBD /* FavoriteTableViewCell.m in Sources */ = {isa = PBXBuildFile; fileRef = 356AC3C7189C03B3000EEBBD /* FavoriteTableViewCell.m */; };
		35A96E2D1896B10B00DC1300 /* Foundation.framework in Frameworks */ = {isa = PBXBuildFile; fileRef = 35A96E2C1896B10B00DC1300 /* Foundation.framework */; };
		35A96E2F1896B10B00DC1300 /* CoreGraphics.framework in Frameworks */ = {isa = PBXBuildFile; fileRef = 35A96E2E1896B10B00DC1300 /* CoreGraphics.framework */; };
		35A96E311896B10B00DC1300 /* UIKit.framework in Frameworks */ = {isa = PBXBuildFile; fileRef = 35A96E301896B10B00DC1300 /* UIKit.framework */; };
		35A96E371896B10B00DC1300 /* InfoPlist.strings in Resources */ = {isa = PBXBuildFile; fileRef = 35A96E351896B10B00DC1300 /* InfoPlist.strings */; };
		35A96E391896B10B00DC1300 /* main.m in Sources */ = {isa = PBXBuildFile; fileRef = 35A96E381896B10B00DC1300 /* main.m */; };
		35A96E3D1896B10B00DC1300 /* AppDelegate.m in Sources */ = {isa = PBXBuildFile; fileRef = 35A96E3C1896B10B00DC1300 /* AppDelegate.m */; };
		35A96E401896B10B00DC1300 /* Main.storyboard in Resources */ = {isa = PBXBuildFile; fileRef = 35A96E3E1896B10B00DC1300 /* Main.storyboard */; };
		35A96E431896B10B00DC1300 /* LoginViewController.m in Sources */ = {isa = PBXBuildFile; fileRef = 35A96E421896B10B00DC1300 /* LoginViewController.m */; };
		35A96E451896B10B00DC1300 /* Images.xcassets in Resources */ = {isa = PBXBuildFile; fileRef = 35A96E441896B10B00DC1300 /* Images.xcassets */; };
		35A96E4C1896B10B00DC1300 /* XCTest.framework in Frameworks */ = {isa = PBXBuildFile; fileRef = 35A96E4B1896B10B00DC1300 /* XCTest.framework */; };
		35A96E4D1896B10B00DC1300 /* Foundation.framework in Frameworks */ = {isa = PBXBuildFile; fileRef = 35A96E2C1896B10B00DC1300 /* Foundation.framework */; };
		35A96E4E1896B10B00DC1300 /* UIKit.framework in Frameworks */ = {isa = PBXBuildFile; fileRef = 35A96E301896B10B00DC1300 /* UIKit.framework */; };
		35A96E561896B10B00DC1300 /* InfoPlist.strings in Resources */ = {isa = PBXBuildFile; fileRef = 35A96E541896B10B00DC1300 /* InfoPlist.strings */; };
		35A96E701896B7CF00DC1300 /* MainViewController.m in Sources */ = {isa = PBXBuildFile; fileRef = 35A96E6F1896B7CF00DC1300 /* MainViewController.m */; };
		35A96E731896B7EE00DC1300 /* DetailViewController.m in Sources */ = {isa = PBXBuildFile; fileRef = 35A96E721896B7EE00DC1300 /* DetailViewController.m */; };
		35A96E761896B83500DC1300 /* FavoritesViewController.m in Sources */ = {isa = PBXBuildFile; fileRef = 35A96E751896B83500DC1300 /* FavoritesViewController.m */; };
		35A96E791896B85000DC1300 /* SettingsViewController.m in Sources */ = {isa = PBXBuildFile; fileRef = 35A96E781896B85000DC1300 /* SettingsViewController.m */; };
		4245744A18A258C400E557F1 /* FacebookSDK.framework in Frameworks */ = {isa = PBXBuildFile; fileRef = 356AC3C1189A77B9000EEBBD /* FacebookSDK.framework */; };
/* End PBXBuildFile section */

/* Begin PBXContainerItemProxy section */
		35A96E4F1896B10B00DC1300 /* PBXContainerItemProxy */ = {
			isa = PBXContainerItemProxy;
			containerPortal = 35A96E211896B10B00DC1300 /* Project object */;
			proxyType = 1;
			remoteGlobalIDString = 35A96E281896B10B00DC1300;
			remoteInfo = Away;
		};
/* End PBXContainerItemProxy section */

/* Begin PBXFileReference section */
		1A4B75EA18A41F2100304125 /* WebService.m */ = {isa = PBXFileReference; fileEncoding = 4; lastKnownFileType = sourcecode.c.objc; path = WebService.m; sourceTree = "<group>"; };
		1A4B75EB18A41F2100304125 /* HTTPRequests.m */ = {isa = PBXFileReference; fileEncoding = 4; lastKnownFileType = sourcecode.c.objc; path = HTTPRequests.m; sourceTree = "<group>"; };
		1A4B75EF18A41F4600304125 /* UIImage+ImageEffects.m */ = {isa = PBXFileReference; fileEncoding = 4; lastKnownFileType = sourcecode.c.objc; path = "UIImage+ImageEffects.m"; sourceTree = "<group>"; };
		1A4B75F018A41F4600304125 /* NSString+URLArguments.m */ = {isa = PBXFileReference; fileEncoding = 4; lastKnownFileType = sourcecode.c.objc; path = "NSString+URLArguments.m"; sourceTree = "<group>"; };
		1A4B75F118A41F4600304125 /* UIImage+ImageEffects.h */ = {isa = PBXFileReference; fileEncoding = 4; lastKnownFileType = sourcecode.c.h; path = "UIImage+ImageEffects.h"; sourceTree = "<group>"; };
		1A4B75F218A41F4600304125 /* NSString+URLArguments.h */ = {isa = PBXFileReference; fileEncoding = 4; lastKnownFileType = sourcecode.c.h; path = "NSString+URLArguments.h"; sourceTree = "<group>"; };
		1A4B75F618A41F6400304125 /* NSDictionary+URLArguments.m */ = {isa = PBXFileReference; fileEncoding = 4; lastKnownFileType = sourcecode.c.objc; path = "NSDictionary+URLArguments.m"; sourceTree = "<group>"; };
		1A4B75F718A41F6400304125 /* NSDictionary+URLArguments.h */ = {isa = PBXFileReference; fileEncoding = 4; lastKnownFileType = sourcecode.c.h; path = "NSDictionary+URLArguments.h"; sourceTree = "<group>"; };
		1A4B75F918A41F8C00304125 /* HTTPRequest.m */ = {isa = PBXFileReference; fileEncoding = 4; lastKnownFileType = sourcecode.c.objc; path = HTTPRequest.m; sourceTree = "<group>"; };
		1A4B75FA18A41F8C00304125 /* HTTPRawDataParser.m */ = {isa = PBXFileReference; fileEncoding = 4; lastKnownFileType = sourcecode.c.objc; path = HTTPRawDataParser.m; sourceTree = "<group>"; };
		1A4B75FB18A41F8C00304125 /* HTTPRequest.h */ = {isa = PBXFileReference; fileEncoding = 4; lastKnownFileType = sourcecode.c.h; path = HTTPRequest.h; sourceTree = "<group>"; };
		1A4B75FC18A41F8C00304125 /* HTTPRawDataType.h */ = {isa = PBXFileReference; fileEncoding = 4; lastKnownFileType = sourcecode.c.h; path = HTTPRawDataType.h; sourceTree = "<group>"; };
		1A4B75FD18A41F8C00304125 /* AbstractWebServicePrivate.h */ = {isa = PBXFileReference; fileEncoding = 4; lastKnownFileType = sourcecode.c.h; path = AbstractWebServicePrivate.h; sourceTree = "<group>"; };
		1A4B75FE18A41F8C00304125 /* AbstractWebService.m */ = {isa = PBXFileReference; fileEncoding = 4; lastKnownFileType = sourcecode.c.objc; path = AbstractWebService.m; sourceTree = "<group>"; };
		1A4B75FF18A41F8C00304125 /* HTTPResponseObject.m */ = {isa = PBXFileReference; fileEncoding = 4; lastKnownFileType = sourcecode.c.objc; path = HTTPResponseObject.m; sourceTree = "<group>"; };
		1A4B760018A41F8C00304125 /* HTTPRawDataParser.h */ = {isa = PBXFileReference; fileEncoding = 4; lastKnownFileType = sourcecode.c.h; path = HTTPRawDataParser.h; sourceTree = "<group>"; };
		1A4B760118A41F8C00304125 /* HTTPResponseObject.h */ = {isa = PBXFileReference; fileEncoding = 4; lastKnownFileType = sourcecode.c.h; path = HTTPResponseObject.h; sourceTree = "<group>"; };
		1A4B760218A41F8C00304125 /* AbstractWebService.h */ = {isa = PBXFileReference; fileEncoding = 4; lastKnownFileType = sourcecode.c.h; path = AbstractWebService.h; sourceTree = "<group>"; };
		1A4B760A18A50F7B00304125 /* TestViewController.h */ = {isa = PBXFileReference; fileEncoding = 4; lastKnownFileType = sourcecode.c.h; path = TestViewController.h; sourceTree = "<group>"; };
		1A4B760B18A50F7B00304125 /* TestViewController.m */ = {isa = PBXFileReference; fileEncoding = 4; lastKnownFileType = sourcecode.c.objc; path = TestViewController.m; sourceTree = "<group>"; };
		1A965761189981CF00DB1D32 /* User.h */ = {isa = PBXFileReference; fileEncoding = 4; lastKnownFileType = sourcecode.c.h; path = User.h; sourceTree = "<group>"; };
		1A965762189981CF00DB1D32 /* User.m */ = {isa = PBXFileReference; fileEncoding = 4; lastKnownFileType = sourcecode.c.objc; path = User.m; sourceTree = "<group>"; };
		1A965764189981DB00DB1D32 /* Destination.h */ = {isa = PBXFileReference; fileEncoding = 4; lastKnownFileType = sourcecode.c.h; path = Destination.h; sourceTree = "<group>"; };
		1A965765189981DB00DB1D32 /* Destination.m */ = {isa = PBXFileReference; fileEncoding = 4; lastKnownFileType = sourcecode.c.objc; path = Destination.m; sourceTree = "<group>"; };
		1AD9C3C4189C619200CA6210 /* DestinationPresenterManager.h */ = {isa = PBXFileReference; fileEncoding = 4; lastKnownFileType = sourcecode.c.h; path = DestinationPresenterManager.h; sourceTree = "<group>"; };
		1AD9C3C5189C619200CA6210 /* DestinationPresenterManager.m */ = {isa = PBXFileReference; fileEncoding = 4; lastKnownFileType = sourcecode.c.objc; path = DestinationPresenterManager.m; sourceTree = "<group>"; };
		1AD9C3CB189C645E00CA6210 /* NSMutableArray+FIFOQueue.h */ = {isa = PBXFileReference; fileEncoding = 4; lastKnownFileType = sourcecode.c.h; path = "NSMutableArray+FIFOQueue.h"; sourceTree = "<group>"; };
		1AD9C3CC189C645E00CA6210 /* NSMutableArray+FIFOQueue.m */ = {isa = PBXFileReference; fileEncoding = 4; lastKnownFileType = sourcecode.c.objc; path = "NSMutableArray+FIFOQueue.m"; sourceTree = "<group>"; };
		1AD9C3CE189C69B200CA6210 /* FIFOQueueTest.m */ = {isa = PBXFileReference; fileEncoding = 4; lastKnownFileType = sourcecode.c.objc; path = FIFOQueueTest.m; sourceTree = "<group>"; };
		1AD9C3D0189C92AC00CA6210 /* DestinationViewPoint.h */ = {isa = PBXFileReference; fileEncoding = 4; lastKnownFileType = sourcecode.c.h; path = DestinationViewPoint.h; sourceTree = "<group>"; };
		1AD9C3D1189C92AC00CA6210 /* DestinationViewPoint.m */ = {isa = PBXFileReference; fileEncoding = 4; lastKnownFileType = sourcecode.c.objc; path = DestinationViewPoint.m; sourceTree = "<group>"; };
		355FA24618A26B5300F903BF /* DetailFriendCustomCell.h */ = {isa = PBXFileReference; fileEncoding = 4; lastKnownFileType = sourcecode.c.h; path = DetailFriendCustomCell.h; sourceTree = "<group>"; };
		355FA24718A26B5300F903BF /* DetailFriendCustomCell.m */ = {isa = PBXFileReference; fileEncoding = 4; lastKnownFileType = sourcecode.c.objc; path = DetailFriendCustomCell.m; sourceTree = "<group>"; };
		356AC3C1189A77B9000EEBBD /* FacebookSDK.framework */ = {isa = PBXFileReference; lastKnownFileType = wrapper.framework; path = FacebookSDK.framework; sourceTree = "<group>"; };
		356AC3C3189BD7AD000EEBBD /* Session.h */ = {isa = PBXFileReference; fileEncoding = 4; lastKnownFileType = sourcecode.c.h; path = Session.h; sourceTree = "<group>"; };
		356AC3C4189BD7AD000EEBBD /* Session.m */ = {isa = PBXFileReference; fileEncoding = 4; lastKnownFileType = sourcecode.c.objc; path = Session.m; sourceTree = "<group>"; };
		356AC3C6189C03B3000EEBBD /* FavoriteTableViewCell.h */ = {isa = PBXFileReference; fileEncoding = 4; lastKnownFileType = sourcecode.c.h; path = FavoriteTableViewCell.h; sourceTree = "<group>"; };
		356AC3C7189C03B3000EEBBD /* FavoriteTableViewCell.m */ = {isa = PBXFileReference; fileEncoding = 4; lastKnownFileType = sourcecode.c.objc; path = FavoriteTableViewCell.m; sourceTree = "<group>"; };
		35A96E291896B10B00DC1300 /* Away.app */ = {isa = PBXFileReference; explicitFileType = wrapper.application; includeInIndex = 0; path = Away.app; sourceTree = BUILT_PRODUCTS_DIR; };
		35A96E2C1896B10B00DC1300 /* Foundation.framework */ = {isa = PBXFileReference; lastKnownFileType = wrapper.framework; name = Foundation.framework; path = System/Library/Frameworks/Foundation.framework; sourceTree = SDKROOT; };
		35A96E2E1896B10B00DC1300 /* CoreGraphics.framework */ = {isa = PBXFileReference; lastKnownFileType = wrapper.framework; name = CoreGraphics.framework; path = System/Library/Frameworks/CoreGraphics.framework; sourceTree = SDKROOT; };
		35A96E301896B10B00DC1300 /* UIKit.framework */ = {isa = PBXFileReference; lastKnownFileType = wrapper.framework; name = UIKit.framework; path = System/Library/Frameworks/UIKit.framework; sourceTree = SDKROOT; };
		35A96E341896B10B00DC1300 /* Away-Info.plist */ = {isa = PBXFileReference; lastKnownFileType = text.plist.xml; path = "Away-Info.plist"; sourceTree = "<group>"; };
		35A96E361896B10B00DC1300 /* en */ = {isa = PBXFileReference; lastKnownFileType = text.plist.strings; name = en; path = en.lproj/InfoPlist.strings; sourceTree = "<group>"; };
		35A96E381896B10B00DC1300 /* main.m */ = {isa = PBXFileReference; lastKnownFileType = sourcecode.c.objc; path = main.m; sourceTree = "<group>"; };
		35A96E3A1896B10B00DC1300 /* Away-Prefix.pch */ = {isa = PBXFileReference; lastKnownFileType = sourcecode.c.h; path = "Away-Prefix.pch"; sourceTree = "<group>"; };
		35A96E3B1896B10B00DC1300 /* AppDelegate.h */ = {isa = PBXFileReference; lastKnownFileType = sourcecode.c.h; path = AppDelegate.h; sourceTree = "<group>"; };
		35A96E3C1896B10B00DC1300 /* AppDelegate.m */ = {isa = PBXFileReference; lastKnownFileType = sourcecode.c.objc; path = AppDelegate.m; sourceTree = "<group>"; };
		35A96E3F1896B10B00DC1300 /* Base */ = {isa = PBXFileReference; lastKnownFileType = file.storyboard; name = Base; path = Base.lproj/Main.storyboard; sourceTree = "<group>"; };
		35A96E411896B10B00DC1300 /* LoginViewController.h */ = {isa = PBXFileReference; lastKnownFileType = sourcecode.c.h; path = LoginViewController.h; sourceTree = "<group>"; };
		35A96E421896B10B00DC1300 /* LoginViewController.m */ = {isa = PBXFileReference; lastKnownFileType = sourcecode.c.objc; path = LoginViewController.m; sourceTree = "<group>"; };
		35A96E441896B10B00DC1300 /* Images.xcassets */ = {isa = PBXFileReference; lastKnownFileType = folder.assetcatalog; path = Images.xcassets; sourceTree = "<group>"; };
		35A96E4A1896B10B00DC1300 /* AwayTests.xctest */ = {isa = PBXFileReference; explicitFileType = wrapper.cfbundle; includeInIndex = 0; path = AwayTests.xctest; sourceTree = BUILT_PRODUCTS_DIR; };
		35A96E4B1896B10B00DC1300 /* XCTest.framework */ = {isa = PBXFileReference; lastKnownFileType = wrapper.framework; name = XCTest.framework; path = Library/Frameworks/XCTest.framework; sourceTree = DEVELOPER_DIR; };
		35A96E531896B10B00DC1300 /* AwayTests-Info.plist */ = {isa = PBXFileReference; lastKnownFileType = text.plist.xml; path = "AwayTests-Info.plist"; sourceTree = "<group>"; };
		35A96E551896B10B00DC1300 /* en */ = {isa = PBXFileReference; lastKnownFileType = text.plist.strings; name = en; path = en.lproj/InfoPlist.strings; sourceTree = "<group>"; };
		35A96E6E1896B7CF00DC1300 /* MainViewController.h */ = {isa = PBXFileReference; fileEncoding = 4; lastKnownFileType = sourcecode.c.h; path = MainViewController.h; sourceTree = "<group>"; };
		35A96E6F1896B7CF00DC1300 /* MainViewController.m */ = {isa = PBXFileReference; fileEncoding = 4; lastKnownFileType = sourcecode.c.objc; path = MainViewController.m; sourceTree = "<group>"; };
		35A96E711896B7EE00DC1300 /* DetailViewController.h */ = {isa = PBXFileReference; fileEncoding = 4; lastKnownFileType = sourcecode.c.h; path = DetailViewController.h; sourceTree = "<group>"; };
		35A96E721896B7EE00DC1300 /* DetailViewController.m */ = {isa = PBXFileReference; fileEncoding = 4; lastKnownFileType = sourcecode.c.objc; path = DetailViewController.m; sourceTree = "<group>"; };
		35A96E741896B83500DC1300 /* FavoritesViewController.h */ = {isa = PBXFileReference; fileEncoding = 4; lastKnownFileType = sourcecode.c.h; path = FavoritesViewController.h; sourceTree = "<group>"; };
		35A96E751896B83500DC1300 /* FavoritesViewController.m */ = {isa = PBXFileReference; fileEncoding = 4; lastKnownFileType = sourcecode.c.objc; path = FavoritesViewController.m; sourceTree = "<group>"; };
		35A96E771896B85000DC1300 /* SettingsViewController.h */ = {isa = PBXFileReference; fileEncoding = 4; lastKnownFileType = sourcecode.c.h; path = SettingsViewController.h; sourceTree = "<group>"; };
		35A96E781896B85000DC1300 /* SettingsViewController.m */ = {isa = PBXFileReference; fileEncoding = 4; lastKnownFileType = sourcecode.c.objc; path = SettingsViewController.m; sourceTree = "<group>"; };
/* End PBXFileReference section */

/* Begin PBXFrameworksBuildPhase section */
		35A96E261896B10B00DC1300 /* Frameworks */ = {
			isa = PBXFrameworksBuildPhase;
			buildActionMask = 2147483647;
			files = (
				4245744A18A258C400E557F1 /* FacebookSDK.framework in Frameworks */,
				35A96E2F1896B10B00DC1300 /* CoreGraphics.framework in Frameworks */,
				35A96E311896B10B00DC1300 /* UIKit.framework in Frameworks */,
				35A96E2D1896B10B00DC1300 /* Foundation.framework in Frameworks */,
			);
			runOnlyForDeploymentPostprocessing = 0;
		};
		35A96E471896B10B00DC1300 /* Frameworks */ = {
			isa = PBXFrameworksBuildPhase;
			buildActionMask = 2147483647;
			files = (
				35A96E4C1896B10B00DC1300 /* XCTest.framework in Frameworks */,
				35A96E4E1896B10B00DC1300 /* UIKit.framework in Frameworks */,
				35A96E4D1896B10B00DC1300 /* Foundation.framework in Frameworks */,
			);
			runOnlyForDeploymentPostprocessing = 0;
		};
/* End PBXFrameworksBuildPhase section */

/* Begin PBXGroup section */
		1A3199131897E3B60080261C /* View */ = {
			isa = PBXGroup;
			children = (
				356AC3C6189C03B3000EEBBD /* FavoriteTableViewCell.h */,
				356AC3C7189C03B3000EEBBD /* FavoriteTableViewCell.m */,
				355FA24618A26B5300F903BF /* DetailFriendCustomCell.h */,
				355FA24718A26B5300F903BF /* DetailFriendCustomCell.m */,
			);
			name = View;
			sourceTree = "<group>";
		};
		1A3199141897E3BB0080261C /* Controller */ = {
			isa = PBXGroup;
			children = (
				35A96E411896B10B00DC1300 /* LoginViewController.h */,
				35A96E421896B10B00DC1300 /* LoginViewController.m */,
				35A96E6E1896B7CF00DC1300 /* MainViewController.h */,
				35A96E6F1896B7CF00DC1300 /* MainViewController.m */,
				35A96E711896B7EE00DC1300 /* DetailViewController.h */,
				35A96E721896B7EE00DC1300 /* DetailViewController.m */,
				35A96E741896B83500DC1300 /* FavoritesViewController.h */,
				35A96E751896B83500DC1300 /* FavoritesViewController.m */,
				35A96E771896B85000DC1300 /* SettingsViewController.h */,
				35A96E781896B85000DC1300 /* SettingsViewController.m */,
				1A4B760A18A50F7B00304125 /* TestViewController.h */,
				1A4B760B18A50F7B00304125 /* TestViewController.m */,
			);
			name = Controller;
			sourceTree = "<group>";
		};
		1A4B75EE18A41F3D00304125 /* Categories */ = {
			isa = PBXGroup;
			children = (
				1A4B75F618A41F6400304125 /* NSDictionary+URLArguments.m */,
				1A4B75F718A41F6400304125 /* NSDictionary+URLArguments.h */,
				1AD9C3CB189C645E00CA6210 /* NSMutableArray+FIFOQueue.h */,
				1AD9C3CC189C645E00CA6210 /* NSMutableArray+FIFOQueue.m */,
				1A4B75EF18A41F4600304125 /* UIImage+ImageEffects.m */,
				1A4B75F018A41F4600304125 /* NSString+URLArguments.m */,
				1A4B75F118A41F4600304125 /* UIImage+ImageEffects.h */,
				1A4B75F218A41F4600304125 /* NSString+URLArguments.h */,
			);
			name = Categories;
			sourceTree = "<group>";
		};
		1A4B75F518A41F5100304125 /* Networking */ = {
			isa = PBXGroup;
			children = (
				1A4B75F918A41F8C00304125 /* HTTPRequest.m */,
				1A4B75FA18A41F8C00304125 /* HTTPRawDataParser.m */,
				1A4B75FB18A41F8C00304125 /* HTTPRequest.h */,
				1A4B75FC18A41F8C00304125 /* HTTPRawDataType.h */,
				1A4B75FD18A41F8C00304125 /* AbstractWebServicePrivate.h */,
				1A4B75FE18A41F8C00304125 /* AbstractWebService.m */,
				1A4B75FF18A41F8C00304125 /* HTTPResponseObject.m */,
				1A4B760018A41F8C00304125 /* HTTPRawDataParser.h */,
				1A4B760118A41F8C00304125 /* HTTPResponseObject.h */,
				1A4B760218A41F8C00304125 /* AbstractWebService.h */,
			);
			name = Networking;
			sourceTree = "<group>";
		};
		1A965760189981BB00DB1D32 /* Model */ = {
			isa = PBXGroup;
			children = (
				356AC3C3189BD7AD000EEBBD /* Session.h */,
				356AC3C4189BD7AD000EEBBD /* Session.m */,
				1A965761189981CF00DB1D32 /* User.h */,
				1A965762189981CF00DB1D32 /* User.m */,
				1A965764189981DB00DB1D32 /* Destination.h */,
				1A965765189981DB00DB1D32 /* Destination.m */,
				1AD9C3C4189C619200CA6210 /* DestinationPresenterManager.h */,
				1AD9C3C5189C619200CA6210 /* DestinationPresenterManager.m */,
				1AD9C3D0189C92AC00CA6210 /* DestinationViewPoint.h */,
				1AD9C3D1189C92AC00CA6210 /* DestinationViewPoint.m */,
			);
			name = Model;
			sourceTree = "<group>";
		};
		1AD9C3C7189C621800CA6210 /* Helpers */ = {
			isa = PBXGroup;
			children = (
				1A4B75F518A41F5100304125 /* Networking */,
				1A4B75EE18A41F3D00304125 /* Categories */,
			);
			name = Helpers;
			sourceTree = "<group>";
		};
		35A96E201896B10B00DC1300 = {
			isa = PBXGroup;
			children = (
				35A96E321896B10B00DC1300 /* Away */,
				35A96E511896B10B00DC1300 /* AwayTests */,
				35A96E2B1896B10B00DC1300 /* Frameworks */,
				35A96E2A1896B10B00DC1300 /* Products */,
			);
			sourceTree = "<group>";
		};
		35A96E2A1896B10B00DC1300 /* Products */ = {
			isa = PBXGroup;
			children = (
				35A96E291896B10B00DC1300 /* Away.app */,
				35A96E4A1896B10B00DC1300 /* AwayTests.xctest */,
			);
			name = Products;
			sourceTree = "<group>";
		};
		35A96E2B1896B10B00DC1300 /* Frameworks */ = {
			isa = PBXGroup;
			children = (
				356AC3C1189A77B9000EEBBD /* FacebookSDK.framework */,
				35A96E2C1896B10B00DC1300 /* Foundation.framework */,
				35A96E2E1896B10B00DC1300 /* CoreGraphics.framework */,
				35A96E301896B10B00DC1300 /* UIKit.framework */,
				35A96E4B1896B10B00DC1300 /* XCTest.framework */,
			);
			name = Frameworks;
			sourceTree = "<group>";
		};
		35A96E321896B10B00DC1300 /* Away */ = {
			isa = PBXGroup;
			children = (
				1AD9C3C7189C621800CA6210 /* Helpers */,
				1A965760189981BB00DB1D32 /* Model */,
				35A96E3E1896B10B00DC1300 /* Main.storyboard */,
				35A96E3B1896B10B00DC1300 /* AppDelegate.h */,
				35A96E3C1896B10B00DC1300 /* AppDelegate.m */,
				1A3199131897E3B60080261C /* View */,
				1A3199141897E3BB0080261C /* Controller */,
				35A96E441896B10B00DC1300 /* Images.xcassets */,
				35A96E331896B10B00DC1300 /* Supporting Files */,
			);
			path = Away;
			sourceTree = "<group>";
		};
		35A96E331896B10B00DC1300 /* Supporting Files */ = {
			isa = PBXGroup;
			children = (
				35A96E341896B10B00DC1300 /* Away-Info.plist */,
				35A96E351896B10B00DC1300 /* InfoPlist.strings */,
				35A96E381896B10B00DC1300 /* main.m */,
				35A96E3A1896B10B00DC1300 /* Away-Prefix.pch */,
			);
			name = "Supporting Files";
			sourceTree = "<group>";
		};
		35A96E511896B10B00DC1300 /* AwayTests */ = {
			isa = PBXGroup;
			children = (
				1A4B75EA18A41F2100304125 /* WebService.m */,
				1A4B75EB18A41F2100304125 /* HTTPRequests.m */,
				1AD9C3CE189C69B200CA6210 /* FIFOQueueTest.m */,
				35A96E521896B10B00DC1300 /* Supporting Files */,
			);
			path = AwayTests;
			sourceTree = "<group>";
		};
		35A96E521896B10B00DC1300 /* Supporting Files */ = {
			isa = PBXGroup;
			children = (
				35A96E531896B10B00DC1300 /* AwayTests-Info.plist */,
				35A96E541896B10B00DC1300 /* InfoPlist.strings */,
			);
			name = "Supporting Files";
			sourceTree = "<group>";
		};
/* End PBXGroup section */

/* Begin PBXNativeTarget section */
		35A96E281896B10B00DC1300 /* Away */ = {
			isa = PBXNativeTarget;
			buildConfigurationList = 35A96E5B1896B10B00DC1300 /* Build configuration list for PBXNativeTarget "Away" */;
			buildPhases = (
				35A96E251896B10B00DC1300 /* Sources */,
				35A96E261896B10B00DC1300 /* Frameworks */,
				35A96E271896B10B00DC1300 /* Resources */,
			);
			buildRules = (
			);
			dependencies = (
			);
			name = Away;
			productName = Away;
			productReference = 35A96E291896B10B00DC1300 /* Away.app */;
			productType = "com.apple.product-type.application";
		};
		35A96E491896B10B00DC1300 /* AwayTests */ = {
			isa = PBXNativeTarget;
			buildConfigurationList = 35A96E5E1896B10B00DC1300 /* Build configuration list for PBXNativeTarget "AwayTests" */;
			buildPhases = (
				35A96E461896B10B00DC1300 /* Sources */,
				35A96E471896B10B00DC1300 /* Frameworks */,
				35A96E481896B10B00DC1300 /* Resources */,
			);
			buildRules = (
			);
			dependencies = (
				35A96E501896B10B00DC1300 /* PBXTargetDependency */,
			);
			name = AwayTests;
			productName = AwayTests;
			productReference = 35A96E4A1896B10B00DC1300 /* AwayTests.xctest */;
			productType = "com.apple.product-type.bundle.unit-test";
		};
/* End PBXNativeTarget section */

/* Begin PBXProject section */
		35A96E211896B10B00DC1300 /* Project object */ = {
			isa = PBXProject;
			attributes = {
				LastUpgradeCheck = 0500;
				ORGANIZATIONNAME = "Wesley Ide";
				TargetAttributes = {
					35A96E491896B10B00DC1300 = {
						TestTargetID = 35A96E281896B10B00DC1300;
					};
				};
			};
			buildConfigurationList = 35A96E241896B10B00DC1300 /* Build configuration list for PBXProject "Away" */;
			compatibilityVersion = "Xcode 3.2";
			developmentRegion = English;
			hasScannedForEncodings = 0;
			knownRegions = (
				en,
				Base,
			);
			mainGroup = 35A96E201896B10B00DC1300;
			productRefGroup = 35A96E2A1896B10B00DC1300 /* Products */;
			projectDirPath = "";
			projectRoot = "";
			targets = (
				35A96E281896B10B00DC1300 /* Away */,
				35A96E491896B10B00DC1300 /* AwayTests */,
			);
		};
/* End PBXProject section */

/* Begin PBXResourcesBuildPhase section */
		35A96E271896B10B00DC1300 /* Resources */ = {
			isa = PBXResourcesBuildPhase;
			buildActionMask = 2147483647;
			files = (
				35A96E451896B10B00DC1300 /* Images.xcassets in Resources */,
				35A96E371896B10B00DC1300 /* InfoPlist.strings in Resources */,
				35A96E401896B10B00DC1300 /* Main.storyboard in Resources */,
			);
			runOnlyForDeploymentPostprocessing = 0;
		};
		35A96E481896B10B00DC1300 /* Resources */ = {
			isa = PBXResourcesBuildPhase;
			buildActionMask = 2147483647;
			files = (
				35A96E561896B10B00DC1300 /* InfoPlist.strings in Resources */,
			);
			runOnlyForDeploymentPostprocessing = 0;
		};
/* End PBXResourcesBuildPhase section */

/* Begin PBXSourcesBuildPhase section */
		35A96E251896B10B00DC1300 /* Sources */ = {
			isa = PBXSourcesBuildPhase;
			buildActionMask = 2147483647;
			files = (
				1A4B75F318A41F4600304125 /* UIImage+ImageEffects.m in Sources */,
				355FA24818A26B5300F903BF /* DetailFriendCustomCell.m in Sources */,
				1A4B760518A41F8C00304125 /* AbstractWebService.m in Sources */,
				1A965763189981CF00DB1D32 /* User.m in Sources */,
				1A4B760418A41F8C00304125 /* HTTPRawDataParser.m in Sources */,
				1AD9C3C6189C619200CA6210 /* DestinationPresenterManager.m in Sources */,
				35A96E701896B7CF00DC1300 /* MainViewController.m in Sources */,
				35A96E431896B10B00DC1300 /* LoginViewController.m in Sources */,
				35A96E791896B85000DC1300 /* SettingsViewController.m in Sources */,
				1A965766189981DB00DB1D32 /* Destination.m in Sources */,
				35A96E3D1896B10B00DC1300 /* AppDelegate.m in Sources */,
				1A4B760618A41F8C00304125 /* HTTPResponseObject.m in Sources */,
				35A96E391896B10B00DC1300 /* main.m in Sources */,
				1AD9C3D2189C92AC00CA6210 /* DestinationViewPoint.m in Sources */,
				1AD9C3CD189C645E00CA6210 /* NSMutableArray+FIFOQueue.m in Sources */,
				1A4B75F418A41F4600304125 /* NSString+URLArguments.m in Sources */,
				35A96E761896B83500DC1300 /* FavoritesViewController.m in Sources */,
				356AC3C5189BD7AD000EEBBD /* Session.m in Sources */,
				1A4B760318A41F8C00304125 /* HTTPRequest.m in Sources */,
				1A4B75F818A41F6400304125 /* NSDictionary+URLArguments.m in Sources */,
				356AC3C8189C03B3000EEBBD /* FavoriteTableViewCell.m in Sources */,
				35A96E731896B7EE00DC1300 /* DetailViewController.m in Sources */,
				1A4B760C18A50F7B00304125 /* TestViewController.m in Sources */,
			);
			runOnlyForDeploymentPostprocessing = 0;
		};
		35A96E461896B10B00DC1300 /* Sources */ = {
			isa = PBXSourcesBuildPhase;
			buildActionMask = 2147483647;
			files = (
				1A4B75EC18A41F2100304125 /* WebService.m in Sources */,
				1A4B75ED18A41F2100304125 /* HTTPRequests.m in Sources */,
				1AD9C3CF189C69B200CA6210 /* FIFOQueueTest.m in Sources */,
			);
			runOnlyForDeploymentPostprocessing = 0;
		};
/* End PBXSourcesBuildPhase section */

/* Begin PBXTargetDependency section */
		35A96E501896B10B00DC1300 /* PBXTargetDependency */ = {
			isa = PBXTargetDependency;
			target = 35A96E281896B10B00DC1300 /* Away */;
			targetProxy = 35A96E4F1896B10B00DC1300 /* PBXContainerItemProxy */;
		};
/* End PBXTargetDependency section */

/* Begin PBXVariantGroup section */
		35A96E351896B10B00DC1300 /* InfoPlist.strings */ = {
			isa = PBXVariantGroup;
			children = (
				35A96E361896B10B00DC1300 /* en */,
			);
			name = InfoPlist.strings;
			sourceTree = "<group>";
		};
		35A96E3E1896B10B00DC1300 /* Main.storyboard */ = {
			isa = PBXVariantGroup;
			children = (
				35A96E3F1896B10B00DC1300 /* Base */,
			);
			name = Main.storyboard;
			sourceTree = "<group>";
		};
		35A96E541896B10B00DC1300 /* InfoPlist.strings */ = {
			isa = PBXVariantGroup;
			children = (
				35A96E551896B10B00DC1300 /* en */,
			);
			name = InfoPlist.strings;
			sourceTree = "<group>";
		};
/* End PBXVariantGroup section */

/* Begin XCBuildConfiguration section */
		35A96E591896B10B00DC1300 /* Debug */ = {
			isa = XCBuildConfiguration;
			buildSettings = {
				ALWAYS_SEARCH_USER_PATHS = NO;
				ARCHS = "$(ARCHS_STANDARD_INCLUDING_64_BIT)";
				CLANG_CXX_LANGUAGE_STANDARD = "gnu++0x";
				CLANG_CXX_LIBRARY = "libc++";
				CLANG_ENABLE_MODULES = YES;
				CLANG_ENABLE_OBJC_ARC = YES;
				CLANG_WARN_BOOL_CONVERSION = YES;
				CLANG_WARN_CONSTANT_CONVERSION = YES;
				CLANG_WARN_DIRECT_OBJC_ISA_USAGE = YES_ERROR;
				CLANG_WARN_EMPTY_BODY = YES;
				CLANG_WARN_ENUM_CONVERSION = YES;
				CLANG_WARN_INT_CONVERSION = YES;
				CLANG_WARN_OBJC_ROOT_CLASS = YES_ERROR;
				CLANG_WARN__DUPLICATE_METHOD_MATCH = YES;
				"CODE_SIGN_IDENTITY[sdk=iphoneos*]" = "iPhone Developer";
				COPY_PHASE_STRIP = NO;
				GCC_C_LANGUAGE_STANDARD = gnu99;
				GCC_DYNAMIC_NO_PIC = NO;
				GCC_OPTIMIZATION_LEVEL = 0;
				GCC_PREPROCESSOR_DEFINITIONS = (
					"DEBUG=1",
					"$(inherited)",
				);
				GCC_SYMBOLS_PRIVATE_EXTERN = NO;
				GCC_WARN_64_TO_32_BIT_CONVERSION = YES;
				GCC_WARN_ABOUT_RETURN_TYPE = YES_ERROR;
				GCC_WARN_UNDECLARED_SELECTOR = YES;
				GCC_WARN_UNINITIALIZED_AUTOS = YES;
				GCC_WARN_UNUSED_FUNCTION = YES;
				GCC_WARN_UNUSED_VARIABLE = YES;
				IPHONEOS_DEPLOYMENT_TARGET = 7.0;
				ONLY_ACTIVE_ARCH = YES;
				SDKROOT = iphoneos;
			};
			name = Debug;
		};
		35A96E5A1896B10B00DC1300 /* Release */ = {
			isa = XCBuildConfiguration;
			buildSettings = {
				ALWAYS_SEARCH_USER_PATHS = NO;
				ARCHS = "$(ARCHS_STANDARD_INCLUDING_64_BIT)";
				CLANG_CXX_LANGUAGE_STANDARD = "gnu++0x";
				CLANG_CXX_LIBRARY = "libc++";
				CLANG_ENABLE_MODULES = YES;
				CLANG_ENABLE_OBJC_ARC = YES;
				CLANG_WARN_BOOL_CONVERSION = YES;
				CLANG_WARN_CONSTANT_CONVERSION = YES;
				CLANG_WARN_DIRECT_OBJC_ISA_USAGE = YES_ERROR;
				CLANG_WARN_EMPTY_BODY = YES;
				CLANG_WARN_ENUM_CONVERSION = YES;
				CLANG_WARN_INT_CONVERSION = YES;
				CLANG_WARN_OBJC_ROOT_CLASS = YES_ERROR;
				CLANG_WARN__DUPLICATE_METHOD_MATCH = YES;
				"CODE_SIGN_IDENTITY[sdk=iphoneos*]" = "iPhone Developer";
				COPY_PHASE_STRIP = YES;
				ENABLE_NS_ASSERTIONS = NO;
				GCC_C_LANGUAGE_STANDARD = gnu99;
				GCC_WARN_64_TO_32_BIT_CONVERSION = YES;
				GCC_WARN_ABOUT_RETURN_TYPE = YES_ERROR;
				GCC_WARN_UNDECLARED_SELECTOR = YES;
				GCC_WARN_UNINITIALIZED_AUTOS = YES;
				GCC_WARN_UNUSED_FUNCTION = YES;
				GCC_WARN_UNUSED_VARIABLE = YES;
				IPHONEOS_DEPLOYMENT_TARGET = 7.0;
				SDKROOT = iphoneos;
				VALIDATE_PRODUCT = YES;
			};
			name = Release;
		};
		35A96E5C1896B10B00DC1300 /* Debug */ = {
			isa = XCBuildConfiguration;
			buildSettings = {
				ASSETCATALOG_COMPILER_APPICON_NAME = AppIcon;
				ASSETCATALOG_COMPILER_LAUNCHIMAGE_NAME = LaunchImage;
				FRAMEWORK_SEARCH_PATHS = (
					"$(inherited)",
					"/Users/wesleyide/Copy/Ws/BEPiD/Challenge\\ 2/Away/dev",
					/Users/marcelotoledo/Desktop/away,
				);
				GCC_PRECOMPILE_PREFIX_HEADER = YES;
				GCC_PREFIX_HEADER = "Away/Away-Prefix.pch";
				INFOPLIST_FILE = "Away/Away-Info.plist";
				PRODUCT_NAME = "$(TARGET_NAME)";
				WRAPPER_EXTENSION = app;
			};
			name = Debug;
		};
		35A96E5D1896B10B00DC1300 /* Release */ = {
			isa = XCBuildConfiguration;
			buildSettings = {
				ASSETCATALOG_COMPILER_APPICON_NAME = AppIcon;
				ASSETCATALOG_COMPILER_LAUNCHIMAGE_NAME = LaunchImage;
				FRAMEWORK_SEARCH_PATHS = (
					"$(inherited)",
					"/Users/wesleyide/Copy/Ws/BEPiD/Challenge\\ 2/Away/dev",
					/Users/marcelotoledo/Desktop/away,
				);
				GCC_PRECOMPILE_PREFIX_HEADER = YES;
				GCC_PREFIX_HEADER = "Away/Away-Prefix.pch";
				INFOPLIST_FILE = "Away/Away-Info.plist";
				PRODUCT_NAME = "$(TARGET_NAME)";
				WRAPPER_EXTENSION = app;
			};
			name = Release;
		};
		35A96E5F1896B10B00DC1300 /* Debug */ = {
			isa = XCBuildConfiguration;
			buildSettings = {
				ARCHS = "$(ARCHS_STANDARD_INCLUDING_64_BIT)";
				BUNDLE_LOADER = "$(BUILT_PRODUCTS_DIR)/Away.app/Away";
				FRAMEWORK_SEARCH_PATHS = (
					"$(SDKROOT)/Developer/Library/Frameworks",
					"$(inherited)",
					"$(DEVELOPER_FRAMEWORKS_DIR)",
				);
				GCC_PRECOMPILE_PREFIX_HEADER = YES;
				GCC_PREFIX_HEADER = "Away/Away-Prefix.pch";
				GCC_PREPROCESSOR_DEFINITIONS = (
					"DEBUG=1",
					"$(inherited)",
				);
				INFOPLIST_FILE = "AwayTests/AwayTests-Info.plist";
				PRODUCT_NAME = "$(TARGET_NAME)";
				TEST_HOST = "$(BUNDLE_LOADER)";
				WRAPPER_EXTENSION = xctest;
			};
			name = Debug;
		};
		35A96E601896B10B00DC1300 /* Release */ = {
			isa = XCBuildConfiguration;
			buildSettings = {
				ARCHS = "$(ARCHS_STANDARD_INCLUDING_64_BIT)";
				BUNDLE_LOADER = "$(BUILT_PRODUCTS_DIR)/Away.app/Away";
				FRAMEWORK_SEARCH_PATHS = (
					"$(SDKROOT)/Developer/Library/Frameworks",
					"$(inherited)",
					"$(DEVELOPER_FRAMEWORKS_DIR)",
				);
				GCC_PRECOMPILE_PREFIX_HEADER = YES;
				GCC_PREFIX_HEADER = "Away/Away-Prefix.pch";
				INFOPLIST_FILE = "AwayTests/AwayTests-Info.plist";
				PRODUCT_NAME = "$(TARGET_NAME)";
				TEST_HOST = "$(BUNDLE_LOADER)";
				WRAPPER_EXTENSION = xctest;
			};
			name = Release;
		};
/* End XCBuildConfiguration section */

/* Begin XCConfigurationList section */
		35A96E241896B10B00DC1300 /* Build configuration list for PBXProject "Away" */ = {
			isa = XCConfigurationList;
			buildConfigurations = (
				35A96E591896B10B00DC1300 /* Debug */,
				35A96E5A1896B10B00DC1300 /* Release */,
			);
			defaultConfigurationIsVisible = 0;
			defaultConfigurationName = Release;
		};
		35A96E5B1896B10B00DC1300 /* Build configuration list for PBXNativeTarget "Away" */ = {
			isa = XCConfigurationList;
			buildConfigurations = (
				35A96E5C1896B10B00DC1300 /* Debug */,
				35A96E5D1896B10B00DC1300 /* Release */,
			);
			defaultConfigurationIsVisible = 0;
			defaultConfigurationName = Release;
		};
		35A96E5E1896B10B00DC1300 /* Build configuration list for PBXNativeTarget "AwayTests" */ = {
			isa = XCConfigurationList;
			buildConfigurations = (
				35A96E5F1896B10B00DC1300 /* Debug */,
				35A96E601896B10B00DC1300 /* Release */,
			);
			defaultConfigurationIsVisible = 0;
			defaultConfigurationName = Release;
		};
/* End XCConfigurationList section */
	};
	rootObject = 35A96E211896B10B00DC1300 /* Project object */;
}
